// !$*UTF8*$!
{
	archiveVersion = 1;
	classes = {
	};
	objectVersion = 63;
	objects = {

/* Begin PBXBuildFile section */
		0AEAE3DCE3CF6A138E39737A /* DataService.swift in Sources */ = {isa = PBXBuildFile; fileRef = 0D4F7A1EEE3E13FFA7D08D78 /* DataService.swift */; };
		32B54C1D79BD69BE72EC38DB /* NewRoundView.swift in Sources */ = {isa = PBXBuildFile; fileRef = CD397BD8A570C5AAC1971F34 /* NewRoundView.swift */; };
		450D9890ED7DACC8D27B8D14 /* DashboardView.swift in Sources */ = {isa = PBXBuildFile; fileRef = DC14561016F6F5E4DBF51997 /* DashboardView.swift */; };
		4AE86EEE29F155443752F1F2 /* MainTabView.swift in Sources */ = {isa = PBXBuildFile; fileRef = 3BCCB1C87F806774D7D6D43C /* MainTabView.swift */; };
		66C17ECB438AE6157E0FDF8B /* WatchSyncManager.swift in Sources */ = {isa = PBXBuildFile; fileRef = B358660C1B16412E85AB1576 /* WatchSyncManager.swift */; };
		806A42250395A1CF0C2C0A9F /* RoundManager.swift in Sources */ = {isa = PBXBuildFile; fileRef = 80CBC343FA49193A2A5FC440 /* RoundManager.swift */; };
		8418A5535803E5B66B030FF3 /* GolfStatsApp.swift in Sources */ = {isa = PBXBuildFile; fileRef = 5FC01FBCE3C2046BED3489CA /* GolfStatsApp.swift */; };
		8A6B7BBD95297021E3AB019B /* GPSManager.swift in Sources */ = {isa = PBXBuildFile; fileRef = BFD3A5C6908D3E421AD2923C /* GPSManager.swift */; };
		9E330E733FFDE44D929E76C8 /* ProfileView.swift in Sources */ = {isa = PBXBuildFile; fileRef = 414BB76F03FD5C66B7752D4D /* ProfileView.swift */; };
		A189D111834D0BCD9BD3A2BD /* Assets.xcassets in Resources */ = {isa = PBXBuildFile; fileRef = D1488A73C66981F72D3AE727 /* Assets.xcassets */; };
		B260E28BB3E7CD9309657ABB /* CoursesView.swift in Sources */ = {isa = PBXBuildFile; fileRef = 2C77F46E77DFE01609504A6F /* CoursesView.swift */; };
		C1CEF10B954F03EBFCD935F1 /* LiveRoundView.swift in Sources */ = {isa = PBXBuildFile; fileRef = C269736A230C56663733CEBB /* LiveRoundView.swift */; };
		C24447DA1B3FEC8F037C70D4 /* AuthManager.swift in Sources */ = {isa = PBXBuildFile; fileRef = 8F8AE03813AFD2AF8023200A /* AuthManager.swift */; };
		C351AEE2BEB0225B8F8486B9 /* RoundsListView.swift in Sources */ = {isa = PBXBuildFile; fileRef = F82C0B62003C9B4978A5C20C /* RoundsListView.swift */; };
		EE270805EDC018CA1F7A6373 /* Models.swift in Sources */ = {isa = PBXBuildFile; fileRef = B8ACF3F13E9E67B4D47972A1 /* Models.swift */; };
		FA554B0F5BFB8735A72E25E9 /* LoginView.swift in Sources */ = {isa = PBXBuildFile; fileRef = D1FD284C8B7299505560CE32 /* LoginView.swift */; };
/* End PBXBuildFile section */

/* Begin PBXFileReference section */
		0D4F7A1EEE3E13FFA7D08D78 /* DataService.swift */ = {isa = PBXFileReference; lastKnownFileType = sourcecode.swift; path = DataService.swift; sourceTree = "<group>"; };
		2C77F46E77DFE01609504A6F /* CoursesView.swift */ = {isa = PBXFileReference; lastKnownFileType = sourcecode.swift; path = CoursesView.swift; sourceTree = "<group>"; };
		3BCCB1C87F806774D7D6D43C /* MainTabView.swift */ = {isa = PBXFileReference; lastKnownFileType = sourcecode.swift; path = MainTabView.swift; sourceTree = "<group>"; };
		414BB76F03FD5C66B7752D4D /* ProfileView.swift */ = {isa = PBXFileReference; lastKnownFileType = sourcecode.swift; path = ProfileView.swift; sourceTree = "<group>"; };
		5FC01FBCE3C2046BED3489CA /* GolfStatsApp.swift */ = {isa = PBXFileReference; lastKnownFileType = sourcecode.swift; path = GolfStatsApp.swift; sourceTree = "<group>"; };
		7A8D8A3BCCA01A2E8C79D262 /* GolfStats.app */ = {isa = PBXFileReference; explicitFileType = wrapper.application; includeInIndex = 0; path = GolfStats.app; sourceTree = BUILT_PRODUCTS_DIR; };
		80CBC343FA49193A2A5FC440 /* RoundManager.swift */ = {isa = PBXFileReference; lastKnownFileType = sourcecode.swift; path = RoundManager.swift; sourceTree = "<group>"; };
		8F8AE03813AFD2AF8023200A /* AuthManager.swift */ = {isa = PBXFileReference; lastKnownFileType = sourcecode.swift; path = AuthManager.swift; sourceTree = "<group>"; };
		B358660C1B16412E85AB1576 /* WatchSyncManager.swift */ = {isa = PBXFileReference; lastKnownFileType = sourcecode.swift; path = WatchSyncManager.swift; sourceTree = "<group>"; };
		B8ACF3F13E9E67B4D47972A1 /* Models.swift */ = {isa = PBXFileReference; lastKnownFileType = sourcecode.swift; path = Models.swift; sourceTree = "<group>"; };
		BFD3A5C6908D3E421AD2923C /* GPSManager.swift */ = {isa = PBXFileReference; lastKnownFileType = sourcecode.swift; path = GPSManager.swift; sourceTree = "<group>"; };
		C269736A230C56663733CEBB /* LiveRoundView.swift */ = {isa = PBXFileReference; lastKnownFileType = sourcecode.swift; path = LiveRoundView.swift; sourceTree = "<group>"; };
		C5A7E59EF6A6A8E92220C5A1 /* Info.plist */ = {isa = PBXFileReference; lastKnownFileType = text.plist; path = Info.plist; sourceTree = "<group>"; };
		CD397BD8A570C5AAC1971F34 /* NewRoundView.swift */ = {isa = PBXFileReference; lastKnownFileType = sourcecode.swift; path = NewRoundView.swift; sourceTree = "<group>"; };
		D1488A73C66981F72D3AE727 /* Assets.xcassets */ = {isa = PBXFileReference; lastKnownFileType = folder.assetcatalog; path = Assets.xcassets; sourceTree = "<group>"; };
		D1FD284C8B7299505560CE32 /* LoginView.swift */ = {isa = PBXFileReference; lastKnownFileType = sourcecode.swift; path = LoginView.swift; sourceTree = "<group>"; };
		D7701F052C8156D438882106 /* GolfStats.entitlements */ = {isa = PBXFileReference; lastKnownFileType = text.plist.entitlements; path = GolfStats.entitlements; sourceTree = "<group>"; };
		DC14561016F6F5E4DBF51997 /* DashboardView.swift */ = {isa = PBXFileReference; lastKnownFileType = sourcecode.swift; path = DashboardView.swift; sourceTree = "<group>"; };
		F82C0B62003C9B4978A5C20C /* RoundsListView.swift */ = {isa = PBXFileReference; lastKnownFileType = sourcecode.swift; path = RoundsListView.swift; sourceTree = "<group>"; };
/* End PBXFileReference section */

/* Begin PBXGroup section */
		30FEF881EAB0182BEDC44F18 /* Resources */ = {
			isa = PBXGroup;
			children = (
				D1488A73C66981F72D3AE727 /* Assets.xcassets */,
				D7701F052C8156D438882106 /* GolfStats.entitlements */,
				C5A7E59EF6A6A8E92220C5A1 /* Info.plist */,
			);
			name = Resources;
			path = GolfStats/Resources;
			sourceTree = "<group>";
		};
		462FACFF1C8DB4C3C92D3E56 /* Sources */ = {
			isa = PBXGroup;
			children = (
				F78BC086386E86D3A5EDCD1A /* Managers */,
				8FC22DA04AC56F747935B252 /* Models */,
				73E3481B2AEB27277A55754D /* Views */,
				5FC01FBCE3C2046BED3489CA /* GolfStatsApp.swift */,
			);
			name = Sources;
			path = GolfStats/Sources;
			sourceTree = "<group>";
		};
		73E3481B2AEB27277A55754D /* Views */ = {
			isa = PBXGroup;
			children = (
				2C77F46E77DFE01609504A6F /* CoursesView.swift */,
				DC14561016F6F5E4DBF51997 /* DashboardView.swift */,
				C269736A230C56663733CEBB /* LiveRoundView.swift */,
				D1FD284C8B7299505560CE32 /* LoginView.swift */,
				3BCCB1C87F806774D7D6D43C /* MainTabView.swift */,
				CD397BD8A570C5AAC1971F34 /* NewRoundView.swift */,
				414BB76F03FD5C66B7752D4D /* ProfileView.swift */,
				F82C0B62003C9B4978A5C20C /* RoundsListView.swift */,
			);
			path = Views;
			sourceTree = "<group>";
		};
		8FC22DA04AC56F747935B252 /* Models */ = {
			isa = PBXGroup;
			children = (
				B8ACF3F13E9E67B4D47972A1 /* Models.swift */,
			);
			path = Models;
			sourceTree = "<group>";
		};
		B3236AA3D02E973DEC4913EE = {
			isa = PBXGroup;
			children = (
				30FEF881EAB0182BEDC44F18 /* Resources */,
				462FACFF1C8DB4C3C92D3E56 /* Sources */,
				F053A51FECF3D51B1BE25698 /* Products */,
			);
			sourceTree = "<group>";
		};
		F053A51FECF3D51B1BE25698 /* Products */ = {
			isa = PBXGroup;
			children = (
				7A8D8A3BCCA01A2E8C79D262 /* GolfStats.app */,
			);
			name = Products;
			sourceTree = "<group>";
		};
		F78BC086386E86D3A5EDCD1A /* Managers */ = {
			isa = PBXGroup;
			children = (
				8F8AE03813AFD2AF8023200A /* AuthManager.swift */,
				0D4F7A1EEE3E13FFA7D08D78 /* DataService.swift */,
				BFD3A5C6908D3E421AD2923C /* GPSManager.swift */,
				80CBC343FA49193A2A5FC440 /* RoundManager.swift */,
				B358660C1B16412E85AB1576 /* WatchSyncManager.swift */,
			);
			path = Managers;
			sourceTree = "<group>";
		};
/* End PBXGroup section */

/* Begin PBXNativeTarget section */
		562758FDB8348C526CEB94C6 /* GolfStats */ = {
			isa = PBXNativeTarget;
			buildConfigurationList = 6588A621917DFD7BB81D8B7E /* Build configuration list for PBXNativeTarget "GolfStats" */;
			buildPhases = (
				BBB8180C9F847C930128D1AC /* Sources */,
				2321C13466892E6771646D37 /* Resources */,
			);
			buildRules = (
			);
			dependencies = (
			);
			name = GolfStats;
			packageProductDependencies = (
			);
			productName = GolfStats;
			productReference = 7A8D8A3BCCA01A2E8C79D262 /* GolfStats.app */;
			productType = "com.apple.product-type.application";
		};
/* End PBXNativeTarget section */

/* Begin PBXProject section */
		DB86BCC5C113D9DFB948E6CB /* Project object */ = {
			isa = PBXProject;
			attributes = {
				BuildIndependentTargetsInParallel = YES;
				LastUpgradeCheck = 1500;
				TargetAttributes = {
					562758FDB8348C526CEB94C6 = {
						ProvisioningStyle = Automatic;
					};
				};
			};
			buildConfigurationList = 3C4C853F11A1FABC20FB7DA0 /* Build configuration list for PBXProject "GolfStats" */;
			compatibilityVersion = "Xcode 14.0";
			developmentRegion = en;
			hasScannedForEncodings = 0;
			knownRegions = (
				Base,
				en,
			);
			mainGroup = B3236AA3D02E973DEC4913EE;
			minimizedProjectReferenceProxies = 1;
			projectDirPath = "";
			projectRoot = "";
			targets = (
				562758FDB8348C526CEB94C6 /* GolfStats */,
			);
		};
/* End PBXProject section */

/* Begin PBXResourcesBuildPhase section */
		2321C13466892E6771646D37 /* Resources */ = {
			isa = PBXResourcesBuildPhase;
			buildActionMask = 2147483647;
			files = (
				A189D111834D0BCD9BD3A2BD /* Assets.xcassets in Resources */,
			);
			runOnlyForDeploymentPostprocessing = 0;
		};
/* End PBXResourcesBuildPhase section */

/* Begin PBXSourcesBuildPhase section */
		BBB8180C9F847C930128D1AC /* Sources */ = {
			isa = PBXSourcesBuildPhase;
			buildActionMask = 2147483647;
			files = (
				C24447DA1B3FEC8F037C70D4 /* AuthManager.swift in Sources */,
				B260E28BB3E7CD9309657ABB /* CoursesView.swift in Sources */,
				450D9890ED7DACC8D27B8D14 /* DashboardView.swift in Sources */,
				0AEAE3DCE3CF6A138E39737A /* DataService.swift in Sources */,
				8A6B7BBD95297021E3AB019B /* GPSManager.swift in Sources */,
				8418A5535803E5B66B030FF3 /* GolfStatsApp.swift in Sources */,
				C1CEF10B954F03EBFCD935F1 /* LiveRoundView.swift in Sources */,
				FA554B0F5BFB8735A72E25E9 /* LoginView.swift in Sources */,
				4AE86EEE29F155443752F1F2 /* MainTabView.swift in Sources */,
				EE270805EDC018CA1F7A6373 /* Models.swift in Sources */,
				32B54C1D79BD69BE72EC38DB /* NewRoundView.swift in Sources */,
				9E330E733FFDE44D929E76C8 /* ProfileView.swift in Sources */,
				806A42250395A1CF0C2C0A9F /* RoundManager.swift in Sources */,
				C351AEE2BEB0225B8F8486B9 /* RoundsListView.swift in Sources */,
				66C17ECB438AE6157E0FDF8B /* WatchSyncManager.swift in Sources */,
			);
			runOnlyForDeploymentPostprocessing = 0;
		};
/* End PBXSourcesBuildPhase section */

/* Begin XCBuildConfiguration section */
		3D83821E2D2BE39F9B365AB9 /* Debug */ = {
			isa = XCBuildConfiguration;
			buildSettings = {
				ALWAYS_SEARCH_USER_PATHS = NO;
				CLANG_ANALYZER_NONNULL = YES;
				CLANG_ANALYZER_NUMBER_OBJECT_CONVERSION = YES_AGGRESSIVE;
				CLANG_CXX_LANGUAGE_STANDARD = "gnu++14";
				CLANG_CXX_LIBRARY = "libc++";
				CLANG_ENABLE_MODULES = YES;
				CLANG_ENABLE_OBJC_ARC = YES;
				CLANG_ENABLE_OBJC_WEAK = YES;
				CLANG_WARN_BLOCK_CAPTURE_AUTORELEASING = YES;
				CLANG_WARN_BOOL_CONVERSION = YES;
				CLANG_WARN_COMMA = YES;
				CLANG_WARN_CONSTANT_CONVERSION = YES;
				CLANG_WARN_DEPRECATED_OBJC_IMPLEMENTATIONS = YES;
				CLANG_WARN_DIRECT_OBJC_ISA_USAGE = YES_ERROR;
				CLANG_WARN_DOCUMENTATION_COMMENTS = YES;
				CLANG_WARN_EMPTY_BODY = YES;
				CLANG_WARN_ENUM_CONVERSION = YES;
				CLANG_WARN_INFINITE_RECURSION = YES;
				CLANG_WARN_INT_CONVERSION = YES;
				CLANG_WARN_NON_LITERAL_NULL_CONVERSION = YES;
				CLANG_WARN_OBJC_IMPLICIT_RETAIN_SELF = YES;
				CLANG_WARN_OBJC_LITERAL_CONVERSION = YES;
				CLANG_WARN_OBJC_ROOT_CLASS = YES_ERROR;
				CLANG_WARN_QUOTED_INCLUDE_IN_FRAMEWORK_HEADER = YES;
				CLANG_WARN_RANGE_LOOP_ANALYSIS = YES;
				CLANG_WARN_STRICT_PROTOTYPES = YES;
				CLANG_WARN_SUSPICIOUS_MOVE = YES;
				CLANG_WARN_UNGUARDED_AVAILABILITY = YES_AGGRESSIVE;
				CLANG_WARN_UNREACHABLE_CODE = YES;
				CLANG_WARN__DUPLICATE_METHOD_MATCH = YES;
				CODE_SIGN_STYLE = Automatic;
				COPY_PHASE_STRIP = NO;
				CURRENT_PROJECT_VERSION = 1;
				DEBUG_INFORMATION_FORMAT = dwarf;
				DEVELOPMENT_TEAM = "";
				ENABLE_STRICT_OBJC_MSGSEND = YES;
				ENABLE_TESTABILITY = YES;
				GCC_C_LANGUAGE_STANDARD = gnu11;
				GCC_DYNAMIC_NO_PIC = NO;
				GCC_NO_COMMON_BLOCKS = YES;
				GCC_OPTIMIZATION_LEVEL = 0;
				GCC_PREPROCESSOR_DEFINITIONS = (
					"$(inherited)",
					"DEBUG=1",
				);
				GCC_WARN_64_TO_32_BIT_CONVERSION = YES;
				GCC_WARN_ABOUT_RETURN_TYPE = YES_ERROR;
				GCC_WARN_UNDECLARED_SELECTOR = YES;
				GCC_WARN_UNINITIALIZED_AUTOS = YES_AGGRESSIVE;
				GCC_WARN_UNUSED_FUNCTION = YES;
				GCC_WARN_UNUSED_VARIABLE = YES;
				IPHONEOS_DEPLOYMENT_TARGET = 17.0;
				MARKETING_VERSION = 1.0.0;
				MTL_ENABLE_DEBUG_INFO = INCLUDE_SOURCE;
				MTL_FAST_MATH = YES;
				ONLY_ACTIVE_ARCH = YES;
				PRODUCT_NAME = "$(TARGET_NAME)";
				SDKROOT = iphoneos;
				SWIFT_ACTIVE_COMPILATION_CONDITIONS = DEBUG;
				SWIFT_OPTIMIZATION_LEVEL = "-Onone";
				SWIFT_VERSION = 5.9;
				WATCHOS_DEPLOYMENT_TARGET = 10.0;
			};
			name = Debug;
		};
		C0CDD1C4BA47A6FCE07EC9E9 /* Debug */ = {
			isa = XCBuildConfiguration;
			buildSettings = {
				ASSETCATALOG_COMPILER_APPICON_NAME = AppIcon;
				CODE_SIGN_ENTITLEMENTS = GolfStats/Resources/GolfStats.entitlements;
				CODE_SIGN_IDENTITY = "iPhone Developer";
				DEVELOPMENT_TEAM = AYEZVE9ZJ6;
				ENABLE_PREVIEWS = YES;
				INFOPLIST_FILE = GolfStats/Resources/Info.plist;
				LD_RUNPATH_SEARCH_PATHS = (
					"$(inherited)",
					"@executable_path/Frameworks",
				);
				PRODUCT_BUNDLE_IDENTIFIER = com.golfstats.ios;
				SDKROOT = iphoneos;
				SUPPORTS_MACCATALYST = NO;
				TARGETED_DEVICE_FAMILY = "1,2";
			};
			name = Debug;
		};
		CA7527E911258FAA25E2650B /* Release */ = {
			isa = XCBuildConfiguration;
			buildSettings = {
				ASSETCATALOG_COMPILER_APPICON_NAME = AppIcon;
				CODE_SIGN_ENTITLEMENTS = GolfStats/Resources/GolfStats.entitlements;
				CODE_SIGN_IDENTITY = "iPhone Developer";
				DEVELOPMENT_TEAM = AYEZVE9ZJ6;
				ENABLE_PREVIEWS = YES;
				INFOPLIST_FILE = GolfStats/Resources/Info.plist;
				LD_RUNPATH_SEARCH_PATHS = (
					"$(inherited)",
					"@executable_path/Frameworks",
				);
				PRODUCT_BUNDLE_IDENTIFIER = com.golfstats.ios;
				SDKROOT = iphoneos;
				SUPPORTS_MACCATALYST = NO;
				TARGETED_DEVICE_FAMILY = "1,2";
			};
			name = Release;
		};
		EB09D47E43AA1444BCCCEA26 /* Release */ = {
			isa = XCBuildConfiguration;
			buildSettings = {
				ALWAYS_SEARCH_USER_PATHS = NO;
				CLANG_ANALYZER_NONNULL = YES;
				CLANG_ANALYZER_NUMBER_OBJECT_CONVERSION = YES_AGGRESSIVE;
				CLANG_CXX_LANGUAGE_STANDARD = "gnu++14";
				CLANG_CXX_LIBRARY = "libc++";
				CLANG_ENABLE_MODULES = YES;
				CLANG_ENABLE_OBJC_ARC = YES;
				CLANG_ENABLE_OBJC_WEAK = YES;
				CLANG_WARN_BLOCK_CAPTURE_AUTORELEASING = YES;
				CLANG_WARN_BOOL_CONVERSION = YES;
				CLANG_WARN_COMMA = YES;
				CLANG_WARN_CONSTANT_CONVERSION = YES;
				CLANG_WARN_DEPRECATED_OBJC_IMPLEMENTATIONS = YES;
				CLANG_WARN_DIRECT_OBJC_ISA_USAGE = YES_ERROR;
				CLANG_WARN_DOCUMENTATION_COMMENTS = YES;
				CLANG_WARN_EMPTY_BODY = YES;
				CLANG_WARN_ENUM_CONVERSION = YES;
				CLANG_WARN_INFINITE_RECURSION = YES;
				CLANG_WARN_INT_CONVERSION = YES;
				CLANG_WARN_NON_LITERAL_NULL_CONVERSION = YES;
				CLANG_WARN_OBJC_IMPLICIT_RETAIN_SELF = YES;
				CLANG_WARN_OBJC_LITERAL_CONVERSION = YES;
				CLANG_WARN_OBJC_ROOT_CLASS = YES_ERROR;
				CLANG_WARN_QUOTED_INCLUDE_IN_FRAMEWORK_HEADER = YES;
				CLANG_WARN_RANGE_LOOP_ANALYSIS = YES;
				CLANG_WARN_STRICT_PROTOTYPES = YES;
				CLANG_WARN_SUSPICIOUS_MOVE = YES;
				CLANG_WARN_UNGUARDED_AVAILABILITY = YES_AGGRESSIVE;
				CLANG_WARN_UNREACHABLE_CODE = YES;
				CLANG_WARN__DUPLICATE_METHOD_MATCH = YES;
				CODE_SIGN_STYLE = Automatic;
				COPY_PHASE_STRIP = NO;
				CURRENT_PROJECT_VERSION = 1;
				DEBUG_INFORMATION_FORMAT = "dwarf-with-dsym";
				DEVELOPMENT_TEAM = "";
				ENABLE_NS_ASSERTIONS = NO;
				ENABLE_STRICT_OBJC_MSGSEND = YES;
				GCC_C_LANGUAGE_STANDARD = gnu11;
				GCC_NO_COMMON_BLOCKS = YES;
				GCC_WARN_64_TO_32_BIT_CONVERSION = YES;
				GCC_WARN_ABOUT_RETURN_TYPE = YES_ERROR;
				GCC_WARN_UNDECLARED_SELECTOR = YES;
				GCC_WARN_UNINITIALIZED_AUTOS = YES_AGGRESSIVE;
				GCC_WARN_UNUSED_FUNCTION = YES;
				GCC_WARN_UNUSED_VARIABLE = YES;
				IPHONEOS_DEPLOYMENT_TARGET = 17.0;
				MARKETING_VERSION = 1.0.0;
				MTL_ENABLE_DEBUG_INFO = NO;
				MTL_FAST_MATH = YES;
				PRODUCT_NAME = "$(TARGET_NAME)";
				SDKROOT = iphoneos;
				SWIFT_COMPILATION_MODE = wholemodule;
				SWIFT_OPTIMIZATION_LEVEL = "-O";
				SWIFT_VERSION = 5.9;
				WATCHOS_DEPLOYMENT_TARGET = 10.0;
			};
			name = Release;
		};
/* End XCBuildConfiguration section */

/* Begin XCConfigurationList section */
		3C4C853F11A1FABC20FB7DA0 /* Build configuration list for PBXProject "GolfStats" */ = {
			isa = XCConfigurationList;
			buildConfigurations = (
				3D83821E2D2BE39F9B365AB9 /* Debug */,
				EB09D47E43AA1444BCCCEA26 /* Release */,
			);
			defaultConfigurationIsVisible = 0;
			defaultConfigurationName = Debug;
		};
		6588A621917DFD7BB81D8B7E /* Build configuration list for PBXNativeTarget "GolfStats" */ = {
			isa = XCConfigurationList;
			buildConfigurations = (
				C0CDD1C4BA47A6FCE07EC9E9 /* Debug */,
				CA7527E911258FAA25E2650B /* Release */,
			);
			defaultConfigurationIsVisible = 0;
			defaultConfigurationName = Debug;
		};
/* End XCConfigurationList section */
	};
	rootObject = DB86BCC5C113D9DFB948E6CB /* Project object */;
}
