// !$*UTF8*$!
{
	archiveVersion = 1;
	classes = {
	};
	objectVersion = 77;
	objects = {

/* Begin PBXBuildFile section */
		008FD1C25C98B0D5707C7CB3 /* LoginView.swift in Sources */ = {isa = PBXBuildFile; fileRef = 6CDD123C98650A33B4E925F9 /* LoginView.swift */; };
		01F0EBBF1056BC7A2BADE797 /* LiveShotDistanceView.swift in Sources */ = {isa = PBXBuildFile; fileRef = 1261AD86136799D6F68971BF /* LiveShotDistanceView.swift */; };
		044AFAFB16BC8DA9B87FFDC1 /* CourseVisualizerView.swift in Sources */ = {isa = PBXBuildFile; fileRef = E0708D630387BD160EC1DC7E /* CourseVisualizerView.swift */; };
		068847E015A06185FF8D6600 /* DistanceView.swift in Sources */ = {isa = PBXBuildFile; fileRef = 42683EDC4F30391AB514E649 /* DistanceView.swift */; };
		0C7583873A7BFDAB61E110CF /* MotionManager.swift in Sources */ = {isa = PBXBuildFile; fileRef = 309A52D7AF971F1168CEABF6 /* MotionManager.swift */; };
		0EAB3B95007EDF68C8AC8C27 /* RoundsListView.swift in Sources */ = {isa = PBXBuildFile; fileRef = D7D2B780B17FC7AEC6F5A1A7 /* RoundsListView.swift */; };
		0F868896ED2E642E37D051C7 /* Models.swift in Sources */ = {isa = PBXBuildFile; fileRef = DFC268FC7510613501691C79 /* Models.swift */; };
		118208663C8208404F1E633A /* ConfirmCourseView.swift in Sources */ = {isa = PBXBuildFile; fileRef = E974A55548B1C48CE094CF85 /* ConfirmCourseView.swift */; };
		167C9B1C5992184415C63817 /* AdaptiveLayouts.swift in Sources */ = {isa = PBXBuildFile; fileRef = 363B04DEAC728C3DAE06A995 /* AdaptiveLayouts.swift */; };
		1749F70BDB6AE11FC8437411 /* RoundCaddyWatchApp.swift in Sources */ = {isa = PBXBuildFile; fileRef = 7DD1A073D3A8B23569934329 /* RoundCaddyWatchApp.swift */; };
		195C8F682F4D96DF30167D22 /* SwingAnalyticsModels.swift in Sources */ = {isa = PBXBuildFile; fileRef = 2EC224A153F1B3E7D18EE859 /* SwingAnalyticsModels.swift */; };
		1B0173B934CBD81FC3906570 /* RoundModeConfig.swift in Sources */ = {isa = PBXBuildFile; fileRef = E19FBB69EB1E3EAD608D5A67 /* RoundModeConfig.swift */; };
		20EF8DF42E55F32C71DB26EC /* ARBodyTrackingManager.swift in Sources */ = {isa = PBXBuildFile; fileRef = 17B302A80091BB4D24E0C160 /* ARBodyTrackingManager.swift */; };
		21E4DC1FB0675434AC4E1CB5 /* RoundCaddyWatch.app in Embed Watch Content */ = {isa = PBXBuildFile; fileRef = F7A89C4E6E5DB5D2DEEC063B /* RoundCaddyWatch.app */; settings = {ATTRIBUTES = (RemoveHeadersOnCopy, ); }; };
		22853C59D2E06EDE5D86F52C /* ProPaywallView.swift in Sources */ = {isa = PBXBuildFile; fileRef = 0C77019A2E1DF191A07D50E7 /* ProPaywallView.swift */; };
		22F89F3D114BB7A26D8145F4 /* GracePeriodManager.swift in Sources */ = {isa = PBXBuildFile; fileRef = 5E9CFCAEAB86B474AC7A5ED4 /* GracePeriodManager.swift */; };
		26908B1716D65DC342CE4B7B /* SwingAnalyzerIOS.swift in Sources */ = {isa = PBXBuildFile; fileRef = 6110F805C2CE481757E3EF76 /* SwingAnalyzerIOS.swift */; };
		27AB797CF48896D79128DA15 /* AICaddieView.swift in Sources */ = {isa = PBXBuildFile; fileRef = DC809C263077C2A485D91B08 /* AICaddieView.swift */; };
		286A5A1C4002CD017A9DA46D /* CoachingEngine.swift in Sources */ = {isa = PBXBuildFile; fileRef = D3A244B1B12DC64AE238F3B1 /* CoachingEngine.swift */; };
		28D42380C90FD7355E706FA6 /* DataService.swift in Sources */ = {isa = PBXBuildFile; fileRef = 0A37C57DD0EA01B1E1EC70D1 /* DataService.swift */; };
		36F8CF05D4D493F4ABACC3DC /* AICaddieWatchView.swift in Sources */ = {isa = PBXBuildFile; fileRef = 97467CA0A29451E44F06D2FF /* AICaddieWatchView.swift */; };
		385164F19447C0B4ABEEBECB /* ClubDistanceTracker.swift in Sources */ = {isa = PBXBuildFile; fileRef = 2F40A3234D89EA1B9BDA309E /* ClubDistanceTracker.swift */; };
		3B9CDB442F24AAA274C20DDF /* CoursesMapView.swift in Sources */ = {isa = PBXBuildFile; fileRef = 41AC8028CA01F189051FB3CA /* CoursesMapView.swift */; };
		3DD3B7D33C99E75FB28BA950 /* EditRoundView.swift in Sources */ = {isa = PBXBuildFile; fileRef = B997D6BA7B6543E189C8B709 /* EditRoundView.swift */; };
		3FF8CA3A0AD1F873EE82D646 /* OfflineCacheManager.swift in Sources */ = {isa = PBXBuildFile; fileRef = 8381593573E9CA825533F32A /* OfflineCacheManager.swift */; };
		4213EBD90186E7905E173BF0 /* RoundCaddyApp.swift in Sources */ = {isa = PBXBuildFile; fileRef = F443CE5AD47F8C7819F9FFCF /* RoundCaddyApp.swift */; };
		433E28907C4D5D1E17854317 /* DataImportManager.swift in Sources */ = {isa = PBXBuildFile; fileRef = 6677D91B985BBE29B91DA4C1 /* DataImportManager.swift */; };
		4429A4B58DE690F31101B901 /* PracticeModeView.swift in Sources */ = {isa = PBXBuildFile; fileRef = 91D76DE7C9D1ACA10ABED193 /* PracticeModeView.swift */; };
		46D233CB7B000E51F7619C3B /* CountryPickerView.swift in Sources */ = {isa = PBXBuildFile; fileRef = 7CAD17BC3D316A3C2E92D26C /* CountryPickerView.swift */; };
		48D35B8CE55F2E302EA2D370 /* UIComponents.swift in Sources */ = {isa = PBXBuildFile; fileRef = FE4E587DAFA65E10FA0A456F /* UIComponents.swift */; };
		49B531AD1A88CD38CDB3D5AB /* RangeModeWatchView.swift in Sources */ = {isa = PBXBuildFile; fileRef = 7625BB2BB927E0200B6DB002 /* RangeModeWatchView.swift */; };
		4B079CAE6D9CD50DCF7A4A78 /* RangeModeManager.swift in Sources */ = {isa = PBXBuildFile; fileRef = 4C8060CADCE24376EA2240B3 /* RangeModeManager.swift */; };
		4D315260C6D8DEDB8CEE0596 /* CourseNotesView.swift in Sources */ = {isa = PBXBuildFile; fileRef = 5AB4CA4A47E3099A33DAD26A /* CourseNotesView.swift */; };
		53FE547FD45D11D4287401F4 /* HoleNotesWatchView.swift in Sources */ = {isa = PBXBuildFile; fileRef = D8CC84FCC550E086349D6587 /* HoleNotesWatchView.swift */; };
		5FB0FA98E854220A87B397B4 /* PowerManager.swift in Sources */ = {isa = PBXBuildFile; fileRef = 453C3DACC1ACEA769A4447B0 /* PowerManager.swift */; };
		61A63754546960802256ACCA /* ContributorLeaderboardView.swift in Sources */ = {isa = PBXBuildFile; fileRef = 02AE3FEFE03D35405B3DC9C1 /* ContributorLeaderboardView.swift */; };
		61AD3D665C038128AB02F1D4 /* WatchSwingSync.swift in Sources */ = {isa = PBXBuildFile; fileRef = B23E393BADCB22BFB5B0B472 /* WatchSwingSync.swift */; };
		64443B7ECEE60302309F3F3A /* WatchSyncManager.swift in Sources */ = {isa = PBXBuildFile; fileRef = 0D7496A92B03CE42D1B6BDFA /* WatchSyncManager.swift */; };
		66818B71B0549E42C8F30163 /* GPSManager.swift in Sources */ = {isa = PBXBuildFile; fileRef = 7066595EAC782AEAD72A186F /* GPSManager.swift */; };
		67C4EDC380B8712CDED977BE /* MainTabView.swift in Sources */ = {isa = PBXBuildFile; fileRef = 211622A7E18FE47F53161022 /* MainTabView.swift */; };
		6897D630E779CCEA1E0383A0 /* WatchIntents.swift in Sources */ = {isa = PBXBuildFile; fileRef = 3D4870E09E37E5C9BAD108A6 /* WatchIntents.swift */; };
		69474EF1323C6038E84D7020 /* RangeSessionSummaryView.swift in Sources */ = {isa = PBXBuildFile; fileRef = D2174F7D23333EE40C21568A /* RangeSessionSummaryView.swift */; };
		6FE955418BA6E5B77E13DD8D /* PuttingView.swift in Sources */ = {isa = PBXBuildFile; fileRef = A6D366791BBF2F1A610D48A0 /* PuttingView.swift */; };
		747759AA664C827874E65763 /* HapticManager.swift in Sources */ = {isa = PBXBuildFile; fileRef = F2CD21073E6DA0EE1D372993 /* HapticManager.swift */; };
		75A2BEEB0D8220CA5F4E5199 /* CourseDiscussionsView.swift in Sources */ = {isa = PBXBuildFile; fileRef = DF9E50409AC640A4CCA286B1 /* CourseDiscussionsView.swift */; };
		781719B7588F5C5CCBE7AEC1 /* DiscussionsTests.swift in Sources */ = {isa = PBXBuildFile; fileRef = 8286830B0231FAE180B2BAAE /* DiscussionsTests.swift */; };
		7D5AB60F25C120AEB99B4C45 /* courses-bundle.json in Resources */ = {isa = PBXBuildFile; fileRef = 00A69CC1ABB1A2C36B78E700 /* courses-bundle.json */; };
		7DC46782A9176CD7422D649A /* ComplicationController.swift in Sources */ = {isa = PBXBuildFile; fileRef = A81E8504253DCA92B8CE961E /* ComplicationController.swift */; };
		7DCDEF468BB7C40470246E22 /* NewRoundButtonTests.swift in Sources */ = {isa = PBXBuildFile; fileRef = D99E609352557BBD9A40DA07 /* NewRoundButtonTests.swift */; };
		80FB9AC42C1A4A05C300FDEF /* CoursesView.swift in Sources */ = {isa = PBXBuildFile; fileRef = 07D1160C1AE391CDD6F5A2E5 /* CoursesView.swift */; };
		855860585070138093A86A1B /* OSMSearchSheet.swift in Sources */ = {isa = PBXBuildFile; fileRef = D8BA1573ACFF2FBB70CDD5E4 /* OSMSearchSheet.swift */; };
		8B85AB24D52EF12888F50189 /* SwingDetector.swift in Sources */ = {isa = PBXBuildFile; fileRef = 2936183F2BF37B54085F3E80 /* SwingDetector.swift */; };
		8FBFCCA9346D65C250CCEDE0 /* SwingReplayView.swift in Sources */ = {isa = PBXBuildFile; fileRef = F821B241F28F9634F70AAB46 /* SwingReplayView.swift */; };
		908C4CAA0720642C17FE7E93 /* CourseConfirmationTests.swift in Sources */ = {isa = PBXBuildFile; fileRef = D023791684D678B54EB91D96 /* CourseConfirmationTests.swift */; };
		90EEF80FCA7FE205CE2B6545 /* ClubDistancesIOSView.swift in Sources */ = {isa = PBXBuildFile; fileRef = AED0BD5AC7905D2C1FE25E6E /* ClubDistancesIOSView.swift */; };
		9171F2D546210031BBB7FD6F /* NewRoundView.swift in Sources */ = {isa = PBXBuildFile; fileRef = AA6234B370243882BA3AF850 /* NewRoundView.swift */; };
		9AB45030423E60C4DDE0DD8E /* ProfileView.swift in Sources */ = {isa = PBXBuildFile; fileRef = F870E69FB00D42BF68970E6B /* ProfileView.swift */; };
		9B3D3A21096BF3CD91A73F0C /* RangeModeModels.swift in Sources */ = {isa = PBXBuildFile; fileRef = C863C023D1892BFC3A9B5D98 /* RangeModeModels.swift */; };
		9B99455BA83B082BD354E674 /* StrokesGainedView.swift in Sources */ = {isa = PBXBuildFile; fileRef = 02AF320C1F39DD69F392BD97 /* StrokesGainedView.swift */; };
		9EF896BA78E2645509BDD170 /* PuttCountBadge.swift in Sources */ = {isa = PBXBuildFile; fileRef = FA2356DAF3A55A101ED0429E /* PuttCountBadge.swift */; };
		A1B2C3D4E5F60718293A4B5C /* SubscriptionManager.swift in Sources */ = {isa = PBXBuildFile; fileRef = A1B2C3D4E5F60718293A4B5D /* SubscriptionManager.swift */; };
		A1B2C3D4E5F60718293A4B62 /* SubscriptionConfig.swift in Sources */ = {isa = PBXBuildFile; fileRef = A1B2C3D4E5F60718293A4B63 /* SubscriptionConfig.swift */; };
		A1B2C3D4E5F60718293A4B64 /* AccountConfig.swift in Sources */ = {isa = PBXBuildFile; fileRef = A1B2C3D4E5F60718293A4B65 /* AccountConfig.swift */; };
		A2B8DA4CBE2944D38E8EC0DE /* SettingsView.swift in Sources */ = {isa = PBXBuildFile; fileRef = 94243A304B9A3DBF2D71DA2A /* SettingsView.swift */; };
		A359F9CC2B764410E6318E37 /* CoachingInsightsView.swift in Sources */ = {isa = PBXBuildFile; fileRef = 64E0FC3B9C4FD0670E156832 /* CoachingInsightsView.swift */; };
		A64E3A7852B7613800945ACA /* DashboardView.swift in Sources */ = {isa = PBXBuildFile; fileRef = 107FD322B8F94218A4ADA0DA /* DashboardView.swift */; };
		A7301EE94E701B2032A383FC /* HighFrequencyMotionManager.swift in Sources */ = {isa = PBXBuildFile; fileRef = C2387B5EF9289D4E2DD259E3 /* HighFrequencyMotionManager.swift */; };
		A74DFD3D59B42689EC05BB21 /* NotificationsView.swift in Sources */ = {isa = PBXBuildFile; fileRef = F3F30D4829A8D3E65EDF2317 /* NotificationsView.swift */; };
		AF235B8DCDF0FEBCCFCFF880 /* ARCourseView.swift in Sources */ = {isa = PBXBuildFile; fileRef = DF52B0D3ED3D237F3977C876 /* ARCourseView.swift */; };
		AF54D8AD15D90093679E98C4 /* PoseDetector.swift in Sources */ = {isa = PBXBuildFile; fileRef = 53AB379097E09E87390BE998 /* PoseDetector.swift */; };
		AF93799A2FE2F08ACAD3D770 /* RangeModeView.swift in Sources */ = {isa = PBXBuildFile; fileRef = 46A0EC5784B93465DF108F06 /* RangeModeView.swift */; };
		B046932FD4F2BC4E2BEA6EA0 /* CourseBundleLoader.swift in Sources */ = {isa = PBXBuildFile; fileRef = B7E19D962E36DFDEEAB908E5 /* CourseBundleLoader.swift */; };
		B073F5E5D0D471D06C56027A /* ShotTrackerView.swift in Sources */ = {isa = PBXBuildFile; fileRef = 817033908947F5140F68D6A1 /* ShotTrackerView.swift */; };
		B20687A3EA79B6815E3B063F /* AICaddieManager.swift in Sources */ = {isa = PBXBuildFile; fileRef = AA2B7488DFD6AAAB65577CD7 /* AICaddieManager.swift */; };
		B323EC4D791461290B37D528 /* WorkoutManager.swift in Sources */ = {isa = PBXBuildFile; fileRef = 9F2EDFB5589AB3823E0FA1B3 /* WorkoutManager.swift */; };
		B54E23407371BFDF012C4306 /* LiDAR3DView.swift in Sources */ = {isa = PBXBuildFile; fileRef = ACDC9D767CBF0A9AF6929457 /* LiDAR3DView.swift */; };
		B6B495DDD05F845C376FD03F /* CoachingTipsView.swift in Sources */ = {isa = PBXBuildFile; fileRef = 423CCAB250AD42FAEA13A37B /* CoachingTipsView.swift */; };
		B7916CAE690BB23CA078D96A /* courses-bundle.json.gz in Resources */ = {isa = PBXBuildFile; fileRef = 905AA4A35E795DF3C7B9850A /* courses-bundle.json.gz */; };
		B847E725DDCC36DE9A5D3D31 /* RoundManager.swift in Sources */ = {isa = PBXBuildFile; fileRef = AE384641B9AA97468FBEBB06 /* RoundManager.swift */; };
		B875B92CEC2D272E96AAC020 /* CourseVisualizationToggleView.swift in Sources */ = {isa = PBXBuildFile; fileRef = 7DE584FA39E267E3D0930736 /* CourseVisualizationToggleView.swift */; };
		B92EA1F1FD6CD149890966B6 /* Assets.xcassets in Resources */ = {isa = PBXBuildFile; fileRef = F36212D9F3B175B078ED7BED /* Assets.xcassets */; };
		B9EA8870409A3763F734B72E /* StrokesGainedCalculator.swift in Sources */ = {isa = PBXBuildFile; fileRef = 55AE73C6B1984A27C966F675 /* StrokesGainedCalculator.swift */; };
		C1C93C53FB986AA06671793E /* Assets.xcassets in Resources */ = {isa = PBXBuildFile; fileRef = CFB1CB554C53E74F2CEEEE7D /* Assets.xcassets */; };
		C805E5AEC5BCEC400E8F4846 /* LiDARCapabilities.swift in Sources */ = {isa = PBXBuildFile; fileRef = 7F92243A5E80CECFC4C5F4DD /* LiDARCapabilities.swift */; };
		CA9F38084897B60AB5CCADA0 /* SiriIntentsManager.swift in Sources */ = {isa = PBXBuildFile; fileRef = F89BF07BEEDB99C04632E9A8 /* SiriIntentsManager.swift */; };
		CB8320FFB41C50195DDE7CC5 /* FullScreenRoundView.swift in Sources */ = {isa = PBXBuildFile; fileRef = FFA510ECC028194E6034FB18 /* FullScreenRoundView.swift */; };
		CC41989A95120AE07DB25635 /* LiveRoundView.swift in Sources */ = {isa = PBXBuildFile; fileRef = C7EB6BD118FFB988AACB025A /* LiveRoundView.swift */; };
		CD177C6D574AD2678E0232D2 /* AuthManager.swift in Sources */ = {isa = PBXBuildFile; fileRef = 651726719460FFAAE030B2D5 /* AuthManager.swift */; };
		D0D44D654BFE82E40540FF8B /* CourseBundleLoaderTests.swift in Sources */ = {isa = PBXBuildFile; fileRef = 0866F0A9BAA64F5B3B62F1C3 /* CourseBundleLoaderTests.swift */; };
		D7D7E6A24BC9A39AD74D6A92 /* GolfStatsTests.swift in Sources */ = {isa = PBXBuildFile; fileRef = 614FFCF75B43A8B5C987EB04 /* GolfStatsTests.swift */; };
		D9A860E280269BB1610BB1B1 /* HealthKitManager.swift in Sources */ = {isa = PBXBuildFile; fileRef = 0B08411B530132E936007662 /* HealthKitManager.swift */; };
		DFFD071ACF021DA6ADBE52D2 /* ClubDistancesView.swift in Sources */ = {isa = PBXBuildFile; fileRef = 9E23273C2256A13EC0169D63 /* ClubDistancesView.swift */; };
		E2A140BBC7A17490E7EA7EF1 /* SwingMetricsView.swift in Sources */ = {isa = PBXBuildFile; fileRef = 4D9BC8001C410FD4B6D4152D /* SwingMetricsView.swift */; };
		E65FA6C4882E5AD1A57882CC /* GPSManager.swift in Sources */ = {isa = PBXBuildFile; fileRef = D5F4BF94BA5F99833AB01B2F /* GPSManager.swift */; };
		E66CDE0D317F4CA8A56CD207 /* SwingAnalytics.swift in Sources */ = {isa = PBXBuildFile; fileRef = C9C45CFE4821A033FABB8BEE /* SwingAnalytics.swift */; };
		EE1904814DF0FC2C28354A82 /* RoundManager.swift in Sources */ = {isa = PBXBuildFile; fileRef = E70B0638FC2646C6C354F5A1 /* RoundManager.swift */; };
		EF6D89E0619B22CDC7F7E1FF /* ShotConfirmationView.swift in Sources */ = {isa = PBXBuildFile; fileRef = 95AB3435DFC8A960AE52AB08 /* ShotConfirmationView.swift */; };
		F006040B0EF23E91368A1291 /* QuickTipBanner.swift in Sources */ = {isa = PBXBuildFile; fileRef = D0326ED9811CAFAA04692588 /* QuickTipBanner.swift */; };
		F02AF285C5115530D6352CF9 /* ContentView.swift in Sources */ = {isa = PBXBuildFile; fileRef = FB9E4EBEC2FB3223E52E37BE /* ContentView.swift */; };
		F10B3FBC5915CF9DB46C373A /* RoundModeSelectionView.swift in Sources */ = {isa = PBXBuildFile; fileRef = A4572B7E3624C0B0BB2BC2B5 /* RoundModeSelectionView.swift */; };
		F4287C4DFC44E78A3B2E35F5 /* ScorecardView.swift in Sources */ = {isa = PBXBuildFile; fileRef = 3A6C4A66522C70273FE1ED50 /* ScorecardView.swift */; };
		F6DC9720D2CE054ABCA41A7E /* ContributeCourseView.swift in Sources */ = {isa = PBXBuildFile; fileRef = C78B32EBB6638FECECFBFF21 /* ContributeCourseView.swift */; };
		FD552BE80C1EC0B0BB796B09 /* CourseSVGVisualizerView.swift in Sources */ = {isa = PBXBuildFile; fileRef = CAE6581405F7EF7B334E1774 /* CourseSVGVisualizerView.swift */; };
		FEEF18237F391F187DDEADF1 /* GPSLocationDisplayTests.swift in Sources */ = {isa = PBXBuildFile; fileRef = 7958866B178E0A48BE2D49BD /* GPSLocationDisplayTests.swift */; };
		FF97B92740FFBE5953E20693 /* SwingAnalyticsView.swift in Sources */ = {isa = PBXBuildFile; fileRef = 7256DF5843B94D88BE0D0B49 /* SwingAnalyticsView.swift */; };
/* End PBXBuildFile section */

/* Begin PBXContainerItemProxy section */
		7422B1FD032847715C7F1D05 /* PBXContainerItemProxy */ = {
			isa = PBXContainerItemProxy;
			containerPortal = 3FA6413637771D526F8BEB72 /* Project object */;
			proxyType = 1;
			remoteGlobalIDString = 7AD8A98D2FCFC841BB5A033B;
			remoteInfo = RoundCaddy;
		};
		C5138543C62CE751ECEE601A /* PBXContainerItemProxy */ = {
			isa = PBXContainerItemProxy;
			containerPortal = 3FA6413637771D526F8BEB72 /* Project object */;
			proxyType = 1;
			remoteGlobalIDString = B2A311FF14CF53523FA18BAB;
			remoteInfo = RoundCaddyWatch;
		};
/* End PBXContainerItemProxy section */

/* Begin PBXCopyFilesBuildPhase section */
		C91CF47106D242EC9C18CC65 /* Embed Watch Content */ = {
			isa = PBXCopyFilesBuildPhase;
			buildActionMask = 2147483647;
			dstPath = "$(CONTENTS_FOLDER_PATH)/Watch";
			dstSubfolderSpec = 16;
			files = (
				21E4DC1FB0675434AC4E1CB5 /* RoundCaddyWatch.app in Embed Watch Content */,
			);
			name = "Embed Watch Content";
			runOnlyForDeploymentPostprocessing = 0;
		};
/* End PBXCopyFilesBuildPhase section */

/* Begin PBXFileReference section */
		00A69CC1ABB1A2C36B78E700 /* courses-bundle.json */ = {isa = PBXFileReference; lastKnownFileType = text.json; path = "courses-bundle.json"; sourceTree = "<group>"; };
		02AE3FEFE03D35405B3DC9C1 /* ContributorLeaderboardView.swift */ = {isa = PBXFileReference; lastKnownFileType = sourcecode.swift; path = ContributorLeaderboardView.swift; sourceTree = "<group>"; };
		02AF320C1F39DD69F392BD97 /* StrokesGainedView.swift */ = {isa = PBXFileReference; lastKnownFileType = sourcecode.swift; path = StrokesGainedView.swift; sourceTree = "<group>"; };
		07D1160C1AE391CDD6F5A2E5 /* CoursesView.swift */ = {isa = PBXFileReference; lastKnownFileType = sourcecode.swift; path = CoursesView.swift; sourceTree = "<group>"; };
		0866F0A9BAA64F5B3B62F1C3 /* CourseBundleLoaderTests.swift */ = {isa = PBXFileReference; lastKnownFileType = sourcecode.swift; path = CourseBundleLoaderTests.swift; sourceTree = "<group>"; };
		0A37C57DD0EA01B1E1EC70D1 /* DataService.swift */ = {isa = PBXFileReference; lastKnownFileType = sourcecode.swift; path = DataService.swift; sourceTree = "<group>"; };
		0B08411B530132E936007662 /* HealthKitManager.swift */ = {isa = PBXFileReference; includeInIndex = 1; lastKnownFileType = sourcecode.swift; path = HealthKitManager.swift; sourceTree = "<group>"; };
		0C77019A2E1DF191A07D50E7 /* ProPaywallView.swift */ = {isa = PBXFileReference; includeInIndex = 1; lastKnownFileType = sourcecode.swift; name = ProPaywallView.swift; path = GolfStats/Sources/Views/ProPaywallView.swift; sourceTree = SOURCE_ROOT; };
		0D7496A92B03CE42D1B6BDFA /* WatchSyncManager.swift */ = {isa = PBXFileReference; lastKnownFileType = sourcecode.swift; path = WatchSyncManager.swift; sourceTree = "<group>"; };
		107FD322B8F94218A4ADA0DA /* DashboardView.swift */ = {isa = PBXFileReference; lastKnownFileType = sourcecode.swift; path = DashboardView.swift; sourceTree = "<group>"; };
		1261AD86136799D6F68971BF /* LiveShotDistanceView.swift */ = {isa = PBXFileReference; lastKnownFileType = sourcecode.swift; path = LiveShotDistanceView.swift; sourceTree = "<group>"; };
		17B302A80091BB4D24E0C160 /* ARBodyTrackingManager.swift */ = {isa = PBXFileReference; includeInIndex = 1; lastKnownFileType = sourcecode.swift; path = ARBodyTrackingManager.swift; sourceTree = "<group>"; };
		211622A7E18FE47F53161022 /* MainTabView.swift */ = {isa = PBXFileReference; lastKnownFileType = sourcecode.swift; path = MainTabView.swift; sourceTree = "<group>"; };
		2936183F2BF37B54085F3E80 /* SwingDetector.swift */ = {isa = PBXFileReference; lastKnownFileType = sourcecode.swift; path = SwingDetector.swift; sourceTree = "<group>"; };
		2EC224A153F1B3E7D18EE859 /* SwingAnalyticsModels.swift */ = {isa = PBXFileReference; lastKnownFileType = sourcecode.swift; path = SwingAnalyticsModels.swift; sourceTree = "<group>"; };
		2F40A3234D89EA1B9BDA309E /* ClubDistanceTracker.swift */ = {isa = PBXFileReference; lastKnownFileType = sourcecode.swift; path = ClubDistanceTracker.swift; sourceTree = "<group>"; };
		309A52D7AF971F1168CEABF6 /* MotionManager.swift */ = {isa = PBXFileReference; lastKnownFileType = sourcecode.swift; path = MotionManager.swift; sourceTree = "<group>"; };
		309BA1664089F0C38355C436 /* RoundCaddyTests.xctest */ = {isa = PBXFileReference; includeInIndex = 0; lastKnownFileType = wrapper.cfbundle; path = RoundCaddyTests.xctest; sourceTree = BUILT_PRODUCTS_DIR; };
		363B04DEAC728C3DAE06A995 /* AdaptiveLayouts.swift */ = {isa = PBXFileReference; includeInIndex = 1; lastKnownFileType = sourcecode.swift; name = AdaptiveLayouts.swift; path = Components/AdaptiveLayouts.swift; sourceTree = "<group>"; };
		3A6C4A66522C70273FE1ED50 /* ScorecardView.swift */ = {isa = PBXFileReference; lastKnownFileType = sourcecode.swift; path = ScorecardView.swift; sourceTree = "<group>"; };
		3D4870E09E37E5C9BAD108A6 /* WatchIntents.swift */ = {isa = PBXFileReference; includeInIndex = 1; lastKnownFileType = sourcecode.swift; path = WatchIntents.swift; sourceTree = "<group>"; };
		41AC8028CA01F189051FB3CA /* CoursesMapView.swift */ = {isa = PBXFileReference; includeInIndex = 1; lastKnownFileType = sourcecode.swift; name = CoursesMapView.swift; path = CoursesMapView.swift; sourceTree = "<group>"; };
		423CCAB250AD42FAEA13A37B /* CoachingTipsView.swift */ = {isa = PBXFileReference; lastKnownFileType = sourcecode.swift; path = CoachingTipsView.swift; sourceTree = "<group>"; };
		42683EDC4F30391AB514E649 /* DistanceView.swift */ = {isa = PBXFileReference; lastKnownFileType = sourcecode.swift; path = DistanceView.swift; sourceTree = "<group>"; };
		453C3DACC1ACEA769A4447B0 /* PowerManager.swift */ = {isa = PBXFileReference; lastKnownFileType = sourcecode.swift; path = PowerManager.swift; sourceTree = "<group>"; };
		46A0EC5784B93465DF108F06 /* RangeModeView.swift */ = {isa = PBXFileReference; includeInIndex = 1; lastKnownFileType = sourcecode.swift; path = RangeModeView.swift; sourceTree = "<group>"; };
		4B40B9BB1F9B31C6DBB6C72F /* RoundCaddy.app */ = {isa = PBXFileReference; includeInIndex = 0; lastKnownFileType = wrapper.application; path = RoundCaddy.app; sourceTree = BUILT_PRODUCTS_DIR; };
		4C8060CADCE24376EA2240B3 /* RangeModeManager.swift */ = {isa = PBXFileReference; includeInIndex = 1; lastKnownFileType = sourcecode.swift; path = RangeModeManager.swift; sourceTree = "<group>"; };
		4D9BC8001C410FD4B6D4152D /* SwingMetricsView.swift */ = {isa = PBXFileReference; lastKnownFileType = sourcecode.swift; path = SwingMetricsView.swift; sourceTree = "<group>"; };
		53AB379097E09E87390BE998 /* PoseDetector.swift */ = {isa = PBXFileReference; includeInIndex = 1; lastKnownFileType = sourcecode.swift; path = PoseDetector.swift; sourceTree = "<group>"; };
		55AE73C6B1984A27C966F675 /* StrokesGainedCalculator.swift */ = {isa = PBXFileReference; lastKnownFileType = sourcecode.swift; path = StrokesGainedCalculator.swift; sourceTree = "<group>"; };
		5AB4CA4A47E3099A33DAD26A /* CourseNotesView.swift */ = {isa = PBXFileReference; includeInIndex = 1; lastKnownFileType = sourcecode.swift; path = CourseNotesView.swift; sourceTree = "<group>"; };
		5E9CFCAEAB86B474AC7A5ED4 /* GracePeriodManager.swift */ = {isa = PBXFileReference; includeInIndex = 1; lastKnownFileType = sourcecode.swift; path = GracePeriodManager.swift; sourceTree = "<group>"; };
		6110F805C2CE481757E3EF76 /* SwingAnalyzerIOS.swift */ = {isa = PBXFileReference; includeInIndex = 1; lastKnownFileType = sourcecode.swift; path = SwingAnalyzerIOS.swift; sourceTree = "<group>"; };
		614FFCF75B43A8B5C987EB04 /* GolfStatsTests.swift */ = {isa = PBXFileReference; lastKnownFileType = sourcecode.swift; path = GolfStatsTests.swift; sourceTree = "<group>"; };
		64E0FC3B9C4FD0670E156832 /* CoachingInsightsView.swift */ = {isa = PBXFileReference; lastKnownFileType = sourcecode.swift; path = CoachingInsightsView.swift; sourceTree = "<group>"; };
		651726719460FFAAE030B2D5 /* AuthManager.swift */ = {isa = PBXFileReference; lastKnownFileType = sourcecode.swift; path = AuthManager.swift; sourceTree = "<group>"; };
		6677D91B985BBE29B91DA4C1 /* DataImportManager.swift */ = {isa = PBXFileReference; includeInIndex = 1; lastKnownFileType = sourcecode.swift; path = DataImportManager.swift; sourceTree = "<group>"; };
		6CDD123C98650A33B4E925F9 /* LoginView.swift */ = {isa = PBXFileReference; lastKnownFileType = sourcecode.swift; path = LoginView.swift; sourceTree = "<group>"; };
		7066595EAC782AEAD72A186F /* GPSManager.swift */ = {isa = PBXFileReference; lastKnownFileType = sourcecode.swift; path = GPSManager.swift; sourceTree = "<group>"; };
		7256DF5843B94D88BE0D0B49 /* SwingAnalyticsView.swift */ = {isa = PBXFileReference; lastKnownFileType = sourcecode.swift; path = SwingAnalyticsView.swift; sourceTree = "<group>"; };
		7625BB2BB927E0200B6DB002 /* RangeModeWatchView.swift */ = {isa = PBXFileReference; includeInIndex = 1; lastKnownFileType = sourcecode.swift; path = RangeModeWatchView.swift; sourceTree = "<group>"; };
		7958866B178E0A48BE2D49BD /* GPSLocationDisplayTests.swift */ = {isa = PBXFileReference; lastKnownFileType = sourcecode.swift; path = GPSLocationDisplayTests.swift; sourceTree = "<group>"; };
		7CAD17BC3D316A3C2E92D26C /* CountryPickerView.swift */ = {isa = PBXFileReference; lastKnownFileType = sourcecode.swift; path = CountryPickerView.swift; sourceTree = "<group>"; };
		7DD1A073D3A8B23569934329 /* RoundCaddyWatchApp.swift */ = {isa = PBXFileReference; lastKnownFileType = sourcecode.swift; path = RoundCaddyWatchApp.swift; sourceTree = "<group>"; };
		7DE584FA39E267E3D0930736 /* CourseVisualizationToggleView.swift */ = {isa = PBXFileReference; lastKnownFileType = sourcecode.swift; path = CourseVisualizationToggleView.swift; sourceTree = "<group>"; };
		7F92243A5E80CECFC4C5F4DD /* LiDARCapabilities.swift */ = {isa = PBXFileReference; includeInIndex = 1; lastKnownFileType = sourcecode.swift; path = LiDARCapabilities.swift; sourceTree = "<group>"; };
		817033908947F5140F68D6A1 /* ShotTrackerView.swift */ = {isa = PBXFileReference; lastKnownFileType = sourcecode.swift; path = ShotTrackerView.swift; sourceTree = "<group>"; };
		8286830B0231FAE180B2BAAE /* DiscussionsTests.swift */ = {isa = PBXFileReference; lastKnownFileType = sourcecode.swift; path = DiscussionsTests.swift; sourceTree = "<group>"; };
		8381593573E9CA825533F32A /* OfflineCacheManager.swift */ = {isa = PBXFileReference; includeInIndex = 1; lastKnownFileType = sourcecode.swift; path = OfflineCacheManager.swift; sourceTree = "<group>"; };
		905AA4A35E795DF3C7B9850A /* courses-bundle.json.gz */ = {isa = PBXFileReference; lastKnownFileType = archive.gzip; path = "courses-bundle.json.gz"; sourceTree = "<group>"; };
		91D76DE7C9D1ACA10ABED193 /* PracticeModeView.swift */ = {isa = PBXFileReference; lastKnownFileType = sourcecode.swift; path = PracticeModeView.swift; sourceTree = "<group>"; };
		94243A304B9A3DBF2D71DA2A /* SettingsView.swift */ = {isa = PBXFileReference; lastKnownFileType = sourcecode.swift; path = SettingsView.swift; sourceTree = "<group>"; };
		95AB3435DFC8A960AE52AB08 /* ShotConfirmationView.swift */ = {isa = PBXFileReference; lastKnownFileType = sourcecode.swift; path = ShotConfirmationView.swift; sourceTree = "<group>"; };
		97467CA0A29451E44F06D2FF /* AICaddieWatchView.swift */ = {isa = PBXFileReference; includeInIndex = 1; lastKnownFileType = sourcecode.swift; path = AICaddieWatchView.swift; sourceTree = "<group>"; };
		9E23273C2256A13EC0169D63 /* ClubDistancesView.swift */ = {isa = PBXFileReference; lastKnownFileType = sourcecode.swift; path = ClubDistancesView.swift; sourceTree = "<group>"; };
		9F2EDFB5589AB3823E0FA1B3 /* WorkoutManager.swift */ = {isa = PBXFileReference; lastKnownFileType = sourcecode.swift; path = WorkoutManager.swift; sourceTree = "<group>"; };
		A1B2C3D4E5F60718293A4B5D /* SubscriptionManager.swift */ = {isa = PBXFileReference; lastKnownFileType = sourcecode.swift; path = SubscriptionManager.swift; sourceTree = "<group>"; };
		A1B2C3D4E5F60718293A4B63 /* SubscriptionConfig.swift */ = {isa = PBXFileReference; lastKnownFileType = sourcecode.swift; path = SubscriptionConfig.swift; sourceTree = "<group>"; };
		A1B2C3D4E5F60718293A4B65 /* AccountConfig.swift */ = {isa = PBXFileReference; lastKnownFileType = sourcecode.swift; path = AccountConfig.swift; sourceTree = "<group>"; };
		A4572B7E3624C0B0BB2BC2B5 /* RoundModeSelectionView.swift */ = {isa = PBXFileReference; includeInIndex = 1; lastKnownFileType = sourcecode.swift; path = RoundModeSelectionView.swift; sourceTree = "<group>"; };
		A6D366791BBF2F1A610D48A0 /* PuttingView.swift */ = {isa = PBXFileReference; lastKnownFileType = sourcecode.swift; path = PuttingView.swift; sourceTree = "<group>"; };
		A81E8504253DCA92B8CE961E /* ComplicationController.swift */ = {isa = PBXFileReference; includeInIndex = 1; lastKnownFileType = sourcecode.swift; path = ComplicationController.swift; sourceTree = "<group>"; };
		AA2B7488DFD6AAAB65577CD7 /* AICaddieManager.swift */ = {isa = PBXFileReference; includeInIndex = 1; lastKnownFileType = sourcecode.swift; path = AICaddieManager.swift; sourceTree = "<group>"; };
		AA6234B370243882BA3AF850 /* NewRoundView.swift */ = {isa = PBXFileReference; lastKnownFileType = sourcecode.swift; path = NewRoundView.swift; sourceTree = "<group>"; };
		ACDC9D767CBF0A9AF6929457 /* LiDAR3DView.swift */ = {isa = PBXFileReference; includeInIndex = 1; lastKnownFileType = sourcecode.swift; path = LiDAR3DView.swift; sourceTree = "<group>"; };
		AE384641B9AA97468FBEBB06 /* RoundManager.swift */ = {isa = PBXFileReference; lastKnownFileType = sourcecode.swift; path = RoundManager.swift; sourceTree = "<group>"; };
		AED0BD5AC7905D2C1FE25E6E /* ClubDistancesIOSView.swift */ = {isa = PBXFileReference; lastKnownFileType = sourcecode.swift; path = ClubDistancesIOSView.swift; sourceTree = "<group>"; };
		B23E393BADCB22BFB5B0B472 /* WatchSwingSync.swift */ = {isa = PBXFileReference; includeInIndex = 1; lastKnownFileType = sourcecode.swift; path = WatchSwingSync.swift; sourceTree = "<group>"; };
		B7E19D962E36DFDEEAB908E5 /* CourseBundleLoader.swift */ = {isa = PBXFileReference; lastKnownFileType = sourcecode.swift; path = CourseBundleLoader.swift; sourceTree = "<group>"; };
		B997D6BA7B6543E189C8B709 /* EditRoundView.swift */ = {isa = PBXFileReference; includeInIndex = 1; lastKnownFileType = sourcecode.swift; name = EditRoundView.swift; path = GolfStats/Sources/Views/EditRoundView.swift; sourceTree = SOURCE_ROOT; };
		C2387B5EF9289D4E2DD259E3 /* HighFrequencyMotionManager.swift */ = {isa = PBXFileReference; lastKnownFileType = sourcecode.swift; path = HighFrequencyMotionManager.swift; sourceTree = "<group>"; };
		C78B32EBB6638FECECFBFF21 /* ContributeCourseView.swift */ = {isa = PBXFileReference; lastKnownFileType = sourcecode.swift; path = ContributeCourseView.swift; sourceTree = "<group>"; };
		C7EB6BD118FFB988AACB025A /* LiveRoundView.swift */ = {isa = PBXFileReference; lastKnownFileType = sourcecode.swift; path = LiveRoundView.swift; sourceTree = "<group>"; };
		C863C023D1892BFC3A9B5D98 /* RangeModeModels.swift */ = {isa = PBXFileReference; includeInIndex = 1; lastKnownFileType = sourcecode.swift; path = RangeModeModels.swift; sourceTree = "<group>"; };
		C9C45CFE4821A033FABB8BEE /* SwingAnalytics.swift */ = {isa = PBXFileReference; lastKnownFileType = sourcecode.swift; path = SwingAnalytics.swift; sourceTree = "<group>"; };
		CAE6581405F7EF7B334E1774 /* CourseSVGVisualizerView.swift */ = {isa = PBXFileReference; lastKnownFileType = sourcecode.swift; path = CourseSVGVisualizerView.swift; sourceTree = "<group>"; };
		CFB1CB554C53E74F2CEEEE7D /* Assets.xcassets */ = {isa = PBXFileReference; lastKnownFileType = folder.assetcatalog; path = Assets.xcassets; sourceTree = "<group>"; };
		D023791684D678B54EB91D96 /* CourseConfirmationTests.swift */ = {isa = PBXFileReference; lastKnownFileType = sourcecode.swift; path = CourseConfirmationTests.swift; sourceTree = "<group>"; };
		D0326ED9811CAFAA04692588 /* QuickTipBanner.swift */ = {isa = PBXFileReference; lastKnownFileType = sourcecode.swift; path = QuickTipBanner.swift; sourceTree = "<group>"; };
		D2174F7D23333EE40C21568A /* RangeSessionSummaryView.swift */ = {isa = PBXFileReference; includeInIndex = 1; lastKnownFileType = sourcecode.swift; path = RangeSessionSummaryView.swift; sourceTree = "<group>"; };
		D3A244B1B12DC64AE238F3B1 /* CoachingEngine.swift */ = {isa = PBXFileReference; lastKnownFileType = sourcecode.swift; path = CoachingEngine.swift; sourceTree = "<group>"; };
		D5F4BF94BA5F99833AB01B2F /* GPSManager.swift */ = {isa = PBXFileReference; lastKnownFileType = sourcecode.swift; path = GPSManager.swift; sourceTree = "<group>"; };
		D7D2B780B17FC7AEC6F5A1A7 /* RoundsListView.swift */ = {isa = PBXFileReference; lastKnownFileType = sourcecode.swift; path = RoundsListView.swift; sourceTree = "<group>"; };
		D8BA1573ACFF2FBB70CDD5E4 /* OSMSearchSheet.swift */ = {isa = PBXFileReference; lastKnownFileType = sourcecode.swift; path = OSMSearchSheet.swift; sourceTree = "<group>"; };
		D8CC84FCC550E086349D6587 /* HoleNotesWatchView.swift */ = {isa = PBXFileReference; includeInIndex = 1; lastKnownFileType = sourcecode.swift; path = HoleNotesWatchView.swift; sourceTree = "<group>"; };
		D99E609352557BBD9A40DA07 /* NewRoundButtonTests.swift */ = {isa = PBXFileReference; lastKnownFileType = sourcecode.swift; path = NewRoundButtonTests.swift; sourceTree = "<group>"; };
		DC809C263077C2A485D91B08 /* AICaddieView.swift */ = {isa = PBXFileReference; includeInIndex = 1; lastKnownFileType = sourcecode.swift; name = AICaddieView.swift; path = AICaddieView.swift; sourceTree = "<group>"; };
		DF52B0D3ED3D237F3977C876 /* ARCourseView.swift */ = {isa = PBXFileReference; includeInIndex = 1; lastKnownFileType = sourcecode.swift; path = ARCourseView.swift; sourceTree = "<group>"; };
		DF9E50409AC640A4CCA286B1 /* CourseDiscussionsView.swift */ = {isa = PBXFileReference; lastKnownFileType = sourcecode.swift; path = CourseDiscussionsView.swift; sourceTree = "<group>"; };
		DFC268FC7510613501691C79 /* Models.swift */ = {isa = PBXFileReference; lastKnownFileType = sourcecode.swift; path = Models.swift; sourceTree = "<group>"; };
		E0708D630387BD160EC1DC7E /* CourseVisualizerView.swift */ = {isa = PBXFileReference; lastKnownFileType = sourcecode.swift; path = CourseVisualizerView.swift; sourceTree = "<group>"; };
		E19FBB69EB1E3EAD608D5A67 /* RoundModeConfig.swift */ = {isa = PBXFileReference; includeInIndex = 1; lastKnownFileType = sourcecode.swift; path = RoundModeConfig.swift; sourceTree = "<group>"; };
		E70B0638FC2646C6C354F5A1 /* RoundManager.swift */ = {isa = PBXFileReference; lastKnownFileType = sourcecode.swift; path = RoundManager.swift; sourceTree = "<group>"; };
		E974A55548B1C48CE094CF85 /* ConfirmCourseView.swift */ = {isa = PBXFileReference; lastKnownFileType = sourcecode.swift; path = ConfirmCourseView.swift; sourceTree = "<group>"; };
		F2CD21073E6DA0EE1D372993 /* HapticManager.swift */ = {isa = PBXFileReference; includeInIndex = 1; lastKnownFileType = sourcecode.swift; path = HapticManager.swift; sourceTree = "<group>"; };
		F36212D9F3B175B078ED7BED /* Assets.xcassets */ = {isa = PBXFileReference; lastKnownFileType = folder.assetcatalog; path = Assets.xcassets; sourceTree = "<group>"; };
		F3F30D4829A8D3E65EDF2317 /* NotificationsView.swift */ = {isa = PBXFileReference; lastKnownFileType = sourcecode.swift; path = NotificationsView.swift; sourceTree = "<group>"; };
		F443CE5AD47F8C7819F9FFCF /* RoundCaddyApp.swift */ = {isa = PBXFileReference; lastKnownFileType = sourcecode.swift; path = RoundCaddyApp.swift; sourceTree = "<group>"; };
		F7A89C4E6E5DB5D2DEEC063B /* RoundCaddyWatch.app */ = {isa = PBXFileReference; explicitFileType = wrapper.application; includeInIndex = 0; path = RoundCaddyWatch.app; sourceTree = BUILT_PRODUCTS_DIR; };
		F821B241F28F9634F70AAB46 /* SwingReplayView.swift */ = {isa = PBXFileReference; includeInIndex = 1; lastKnownFileType = sourcecode.swift; path = SwingReplayView.swift; sourceTree = "<group>"; };
		F870E69FB00D42BF68970E6B /* ProfileView.swift */ = {isa = PBXFileReference; lastKnownFileType = sourcecode.swift; path = ProfileView.swift; sourceTree = "<group>"; };
		F89BF07BEEDB99C04632E9A8 /* SiriIntentsManager.swift */ = {isa = PBXFileReference; includeInIndex = 1; lastKnownFileType = sourcecode.swift; path = SiriIntentsManager.swift; sourceTree = "<group>"; };
		FA2356DAF3A55A101ED0429E /* PuttCountBadge.swift */ = {isa = PBXFileReference; lastKnownFileType = sourcecode.swift; path = PuttCountBadge.swift; sourceTree = "<group>"; };
		FB9E4EBEC2FB3223E52E37BE /* ContentView.swift */ = {isa = PBXFileReference; lastKnownFileType = sourcecode.swift; path = ContentView.swift; sourceTree = "<group>"; };
		FE4E587DAFA65E10FA0A456F /* UIComponents.swift */ = {isa = PBXFileReference; includeInIndex = 1; lastKnownFileType = sourcecode.swift; name = UIComponents.swift; path = Components/UIComponents.swift; sourceTree = "<group>"; };
		FFA510ECC028194E6034FB18 /* FullScreenRoundView.swift */ = {isa = PBXFileReference; includeInIndex = 1; lastKnownFileType = sourcecode.swift; path = FullScreenRoundView.swift; sourceTree = "<group>"; };
/* End PBXFileReference section */

/* Begin PBXGroup section */
		0EC24017645711341F5BD905 /* Components */ = {
			isa = PBXGroup;
			children = (
				363B04DEAC728C3DAE06A995 /* AdaptiveLayouts.swift */,
				FE4E587DAFA65E10FA0A456F /* UIComponents.swift */,
			);
			name = Components;
			sourceTree = "<group>";
		};
		1FF5FF9E2AFC17FBDA60B7B5 /* Resources */ = {
			isa = PBXGroup;
			children = (
				CFB1CB554C53E74F2CEEEE7D /* Assets.xcassets */,
				00A69CC1ABB1A2C36B78E700 /* courses-bundle.json */,
				905AA4A35E795DF3C7B9850A /* courses-bundle.json.gz */,
			);
			path = Resources;
			sourceTree = "<group>";
		};
		2A80045CEB08D76DDCB4F8D2 /* GolfStats */ = {
			isa = PBXGroup;
			children = (
				1FF5FF9E2AFC17FBDA60B7B5 /* Resources */,
				2EBA200E48097B69C12BD74F /* Sources */,
			);
			path = GolfStats;
			sourceTree = "<group>";
		};
		2EBA200E48097B69C12BD74F /* Sources */ = {
			isa = PBXGroup;
			children = (
				DF082A23CDB768A83415667E /* Managers */,
				6A8881214AE0C4FFF65502FE /* Models */,
				CC97B181576273FD6688E429 /* Views */,
				F443CE5AD47F8C7819F9FFCF /* RoundCaddyApp.swift */,
				0EC24017645711341F5BD905 /* Components */,
			);
			path = Sources;
			sourceTree = "<group>";
		};
		32F492D8BF34FA264A8E391E /* Sources */ = {
			isa = PBXGroup;
			children = (
				6E7C74856290E3F80840D28A /* Views */,
				2F40A3234D89EA1B9BDA309E /* ClubDistanceTracker.swift */,
				D3A244B1B12DC64AE238F3B1 /* CoachingEngine.swift */,
				FB9E4EBEC2FB3223E52E37BE /* ContentView.swift */,
				D5F4BF94BA5F99833AB01B2F /* GPSManager.swift */,
				C2387B5EF9289D4E2DD259E3 /* HighFrequencyMotionManager.swift */,
				309A52D7AF971F1168CEABF6 /* MotionManager.swift */,
				453C3DACC1ACEA769A4447B0 /* PowerManager.swift */,
				7DD1A073D3A8B23569934329 /* RoundCaddyWatchApp.swift */,
				E70B0638FC2646C6C354F5A1 /* RoundManager.swift */,
				55AE73C6B1984A27C966F675 /* StrokesGainedCalculator.swift */,
				C9C45CFE4821A033FABB8BEE /* SwingAnalytics.swift */,
				2936183F2BF37B54085F3E80 /* SwingDetector.swift */,
				9F2EDFB5589AB3823E0FA1B3 /* WorkoutManager.swift */,
				A81E8504253DCA92B8CE961E /* ComplicationController.swift */,
				F2CD21073E6DA0EE1D372993 /* HapticManager.swift */,
				4C8060CADCE24376EA2240B3 /* RangeModeManager.swift */,
				3D4870E09E37E5C9BAD108A6 /* WatchIntents.swift */,
			);
			path = Sources;
			sourceTree = "<group>";
		};
		4318F8999D48E8A530BE6A04 /* GolfStatsTests */ = {
			isa = PBXGroup;
			children = (
				D39324FBFFE5C1385A3566A2 /* UI */,
				0866F0A9BAA64F5B3B62F1C3 /* CourseBundleLoaderTests.swift */,
				614FFCF75B43A8B5C987EB04 /* GolfStatsTests.swift */,
			);
			path = GolfStatsTests;
			sourceTree = "<group>";
		};
		4FF762A98525CFF12458D6C5 /* apps */ = {
			isa = PBXGroup;
			children = (
				9F1116720FFAF62FACBA65C3 /* watch */,
			);
			name = apps;
			path = ..;
			sourceTree = "<group>";
		};
		6A8881214AE0C4FFF65502FE /* Models */ = {
			isa = PBXGroup;
			children = (
				A1B2C3D4E5F60718293A4B65 /* AccountConfig.swift */,
				DFC268FC7510613501691C79 /* Models.swift */,
				A1B2C3D4E5F60718293A4B63 /* SubscriptionConfig.swift */,
				2EC224A153F1B3E7D18EE859 /* SwingAnalyticsModels.swift */,
				C863C023D1892BFC3A9B5D98 /* RangeModeModels.swift */,
				E19FBB69EB1E3EAD608D5A67 /* RoundModeConfig.swift */,
			);
			path = Models;
			sourceTree = "<group>";
		};
		6E7C74856290E3F80840D28A /* Views */ = {
			isa = PBXGroup;
			children = (
				9E23273C2256A13EC0169D63 /* ClubDistancesView.swift */,
				423CCAB250AD42FAEA13A37B /* CoachingTipsView.swift */,
				42683EDC4F30391AB514E649 /* DistanceView.swift */,
				1261AD86136799D6F68971BF /* LiveShotDistanceView.swift */,
				91D76DE7C9D1ACA10ABED193 /* PracticeModeView.swift */,
				FA2356DAF3A55A101ED0429E /* PuttCountBadge.swift */,
				A6D366791BBF2F1A610D48A0 /* PuttingView.swift */,
				D0326ED9811CAFAA04692588 /* QuickTipBanner.swift */,
				3A6C4A66522C70273FE1ED50 /* ScorecardView.swift */,
				94243A304B9A3DBF2D71DA2A /* SettingsView.swift */,
				95AB3435DFC8A960AE52AB08 /* ShotConfirmationView.swift */,
				817033908947F5140F68D6A1 /* ShotTrackerView.swift */,
				02AF320C1F39DD69F392BD97 /* StrokesGainedView.swift */,
				4D9BC8001C410FD4B6D4152D /* SwingMetricsView.swift */,
				97467CA0A29451E44F06D2FF /* AICaddieWatchView.swift */,
				D8CC84FCC550E086349D6587 /* HoleNotesWatchView.swift */,
				7625BB2BB927E0200B6DB002 /* RangeModeWatchView.swift */,
			);
			path = Views;
			sourceTree = "<group>";
		};
		93311A50EE62C8C08547C023 /* Resources */ = {
			isa = PBXGroup;
			children = (
				F36212D9F3B175B078ED7BED /* Assets.xcassets */,
			);
			path = Resources;
			sourceTree = "<group>";
		};
		9F1116720FFAF62FACBA65C3 /* watch */ = {
			isa = PBXGroup;
			children = (
				A58BD3A34EED7C4D9DC5A4EA /* RoundCaddyWatch WatchKit Extension */,
			);
			path = watch;
			sourceTree = "<group>";
		};
		A58BD3A34EED7C4D9DC5A4EA /* RoundCaddyWatch WatchKit Extension */ = {
			isa = PBXGroup;
			children = (
				93311A50EE62C8C08547C023 /* Resources */,
				32F492D8BF34FA264A8E391E /* Sources */,
			);
			path = "RoundCaddyWatch WatchKit Extension";
			sourceTree = "<group>";
		};
		AE16B9DAA02DDF562E6DD4AC /* Products */ = {
			isa = PBXGroup;
			children = (
				4B40B9BB1F9B31C6DBB6C72F /* RoundCaddy.app */,
				309BA1664089F0C38355C436 /* RoundCaddyTests.xctest */,
				F7A89C4E6E5DB5D2DEEC063B /* RoundCaddyWatch.app */,
			);
			name = Products;
			sourceTree = "<group>";
		};
		CC97B181576273FD6688E429 /* Views */ = {
			isa = PBXGroup;
			children = (
				AED0BD5AC7905D2C1FE25E6E /* ClubDistancesIOSView.swift */,
				64E0FC3B9C4FD0670E156832 /* CoachingInsightsView.swift */,
				E974A55548B1C48CE094CF85 /* ConfirmCourseView.swift */,
				C78B32EBB6638FECECFBFF21 /* ContributeCourseView.swift */,
				02AE3FEFE03D35405B3DC9C1 /* ContributorLeaderboardView.swift */,
				7CAD17BC3D316A3C2E92D26C /* CountryPickerView.swift */,
				DF9E50409AC640A4CCA286B1 /* CourseDiscussionsView.swift */,
				CAE6581405F7EF7B334E1774 /* CourseSVGVisualizerView.swift */,
				07D1160C1AE391CDD6F5A2E5 /* CoursesView.swift */,
				7DE584FA39E267E3D0930736 /* CourseVisualizationToggleView.swift */,
				E0708D630387BD160EC1DC7E /* CourseVisualizerView.swift */,
				107FD322B8F94218A4ADA0DA /* DashboardView.swift */,
				C7EB6BD118FFB988AACB025A /* LiveRoundView.swift */,
				6CDD123C98650A33B4E925F9 /* LoginView.swift */,
				211622A7E18FE47F53161022 /* MainTabView.swift */,
				AA6234B370243882BA3AF850 /* NewRoundView.swift */,
				F3F30D4829A8D3E65EDF2317 /* NotificationsView.swift */,
				D8BA1573ACFF2FBB70CDD5E4 /* OSMSearchSheet.swift */,
				F870E69FB00D42BF68970E6B /* ProfileView.swift */,
				D7D2B780B17FC7AEC6F5A1A7 /* RoundsListView.swift */,
				7256DF5843B94D88BE0D0B49 /* SwingAnalyticsView.swift */,
				DF52B0D3ED3D237F3977C876 /* ARCourseView.swift */,
				5AB4CA4A47E3099A33DAD26A /* CourseNotesView.swift */,
				FFA510ECC028194E6034FB18 /* FullScreenRoundView.swift */,
				ACDC9D767CBF0A9AF6929457 /* LiDAR3DView.swift */,
				46A0EC5784B93465DF108F06 /* RangeModeView.swift */,
				D2174F7D23333EE40C21568A /* RangeSessionSummaryView.swift */,
				A4572B7E3624C0B0BB2BC2B5 /* RoundModeSelectionView.swift */,
				F821B241F28F9634F70AAB46 /* SwingReplayView.swift */,
				0C77019A2E1DF191A07D50E7 /* ProPaywallView.swift */,
				B997D6BA7B6543E189C8B709 /* EditRoundView.swift */,
				41AC8028CA01F189051FB3CA /* CoursesMapView.swift */,
				DC809C263077C2A485D91B08 /* AICaddieView.swift */,
			);
			path = Views;
			sourceTree = "<group>";
		};
		D39324FBFFE5C1385A3566A2 /* UI */ = {
			isa = PBXGroup;
			children = (
				D023791684D678B54EB91D96 /* CourseConfirmationTests.swift */,
				8286830B0231FAE180B2BAAE /* DiscussionsTests.swift */,
				7958866B178E0A48BE2D49BD /* GPSLocationDisplayTests.swift */,
				D99E609352557BBD9A40DA07 /* NewRoundButtonTests.swift */,
			);
			path = UI;
			sourceTree = "<group>";
		};
		DF082A23CDB768A83415667E /* Managers */ = {
			isa = PBXGroup;
			children = (
				651726719460FFAAE030B2D5 /* AuthManager.swift */,
				B7E19D962E36DFDEEAB908E5 /* CourseBundleLoader.swift */,
				0A37C57DD0EA01B1E1EC70D1 /* DataService.swift */,
				7066595EAC782AEAD72A186F /* GPSManager.swift */,
				AE384641B9AA97468FBEBB06 /* RoundManager.swift */,
				A1B2C3D4E5F60718293A4B5D /* SubscriptionManager.swift */,
				0D7496A92B03CE42D1B6BDFA /* WatchSyncManager.swift */,
				AA2B7488DFD6AAAB65577CD7 /* AICaddieManager.swift */,
				17B302A80091BB4D24E0C160 /* ARBodyTrackingManager.swift */,
				6677D91B985BBE29B91DA4C1 /* DataImportManager.swift */,
				5E9CFCAEAB86B474AC7A5ED4 /* GracePeriodManager.swift */,
				0B08411B530132E936007662 /* HealthKitManager.swift */,
				7F92243A5E80CECFC4C5F4DD /* LiDARCapabilities.swift */,
				8381593573E9CA825533F32A /* OfflineCacheManager.swift */,
				53AB379097E09E87390BE998 /* PoseDetector.swift */,
				F89BF07BEEDB99C04632E9A8 /* SiriIntentsManager.swift */,
				6110F805C2CE481757E3EF76 /* SwingAnalyzerIOS.swift */,
				B23E393BADCB22BFB5B0B472 /* WatchSwingSync.swift */,
			);
			path = Managers;
			sourceTree = "<group>";
		};
		EAE168B7FFD69949B3B676C2 = {
			isa = PBXGroup;
			children = (
				4FF762A98525CFF12458D6C5 /* apps */,
				2A80045CEB08D76DDCB4F8D2 /* GolfStats */,
				4318F8999D48E8A530BE6A04 /* GolfStatsTests */,
				AE16B9DAA02DDF562E6DD4AC /* Products */,
			);
			sourceTree = "<group>";
		};
/* End PBXGroup section */

/* Begin PBXNativeTarget section */
		639A1835109D92540B702DAB /* RoundCaddyTests */ = {
			isa = PBXNativeTarget;
			buildConfigurationList = E139E08D3637C9F8F852CC0C /* Build configuration list for PBXNativeTarget "RoundCaddyTests" */;
			buildPhases = (
				9B430490402895DC38DD9223 /* Sources */,
			);
			buildRules = (
			);
			dependencies = (
				399FF1174F68BB10C361495E /* PBXTargetDependency */,
			);
			name = RoundCaddyTests;
			productName = RoundCaddyTests;
			productReference = 309BA1664089F0C38355C436 /* RoundCaddyTests.xctest */;
			productType = "com.apple.product-type.bundle.unit-test";
		};
		7AD8A98D2FCFC841BB5A033B /* RoundCaddy */ = {
			isa = PBXNativeTarget;
			buildConfigurationList = EFB0DF905B204594054EF462 /* Build configuration list for PBXNativeTarget "RoundCaddy" */;
			buildPhases = (
				77651B39DC72F15769D21BE3 /* Sources */,
				4F7DCECB748459050C755FE2 /* Resources */,
				C91CF47106D242EC9C18CC65 /* Embed Watch Content */,
			);
			buildRules = (
			);
			dependencies = (
				EC6350D2CF19EF29014BF981 /* PBXTargetDependency */,
			);
			name = RoundCaddy;
			productName = RoundCaddy;
			productReference = 4B40B9BB1F9B31C6DBB6C72F /* RoundCaddy.app */;
			productType = "com.apple.product-type.application";
		};
		B2A311FF14CF53523FA18BAB /* RoundCaddyWatch */ = {
			isa = PBXNativeTarget;
			buildConfigurationList = 43F2FCB150848721EF2B86D2 /* Build configuration list for PBXNativeTarget "RoundCaddyWatch" */;
			buildPhases = (
				F50650F5090FCCB54A6F0563 /* Sources */,
				2C096B8F6753A3E33AC57E63 /* Resources */,
			);
			buildRules = (
			);
			dependencies = (
			);
			name = RoundCaddyWatch;
			productName = RoundCaddyWatch;
			productReference = F7A89C4E6E5DB5D2DEEC063B /* RoundCaddyWatch.app */;
			productType = "com.apple.product-type.application";
		};
/* End PBXNativeTarget section */

/* Begin PBXProject section */
		3FA6413637771D526F8BEB72 /* Project object */ = {
			isa = PBXProject;
			attributes = {
				BuildIndependentTargetsInParallel = YES;
				LastUpgradeCheck = 1500;
				TargetAttributes = {
					639A1835109D92540B702DAB = {
						DevelopmentTeam = AYEZVE9ZJ6;
						ProvisioningStyle = Automatic;
					};
					7AD8A98D2FCFC841BB5A033B = {
						DevelopmentTeam = AYEZVE9ZJ6;
						ProvisioningStyle = Automatic;
					};
					B2A311FF14CF53523FA18BAB = {
						DevelopmentTeam = AYEZVE9ZJ6;
						ProvisioningStyle = Automatic;
					};
				};
			};
			buildConfigurationList = C151FD54330E0831FC548818 /* Build configuration list for PBXProject "RoundCaddy" */;
			compatibilityVersion = "Xcode 14.0";
			developmentRegion = en;
			hasScannedForEncodings = 0;
			knownRegions = (
				Base,
				en,
			);
			mainGroup = EAE168B7FFD69949B3B676C2;
			minimizedProjectReferenceProxies = 1;
			preferredProjectObjectVersion = 77;
			productRefGroup = AE16B9DAA02DDF562E6DD4AC /* Products */;
			projectDirPath = "";
			projectRoot = "";
			targets = (
				7AD8A98D2FCFC841BB5A033B /* RoundCaddy */,
				639A1835109D92540B702DAB /* RoundCaddyTests */,
				B2A311FF14CF53523FA18BAB /* RoundCaddyWatch */,
			);
		};
/* End PBXProject section */

/* Begin PBXResourcesBuildPhase section */
		2C096B8F6753A3E33AC57E63 /* Resources */ = {
			isa = PBXResourcesBuildPhase;
			buildActionMask = 2147483647;
			files = (
				B92EA1F1FD6CD149890966B6 /* Assets.xcassets in Resources */,
			);
			runOnlyForDeploymentPostprocessing = 0;
		};
		4F7DCECB748459050C755FE2 /* Resources */ = {
			isa = PBXResourcesBuildPhase;
			buildActionMask = 2147483647;
			files = (
				C1C93C53FB986AA06671793E /* Assets.xcassets in Resources */,
				7D5AB60F25C120AEB99B4C45 /* courses-bundle.json in Resources */,
				B7916CAE690BB23CA078D96A /* courses-bundle.json.gz in Resources */,
			);
			runOnlyForDeploymentPostprocessing = 0;
		};
/* End PBXResourcesBuildPhase section */

/* Begin PBXSourcesBuildPhase section */
		77651B39DC72F15769D21BE3 /* Sources */ = {
			isa = PBXSourcesBuildPhase;
			buildActionMask = 2147483647;
			files = (
				CD177C6D574AD2678E0232D2 /* AuthManager.swift in Sources */,
				A1B2C3D4E5F60718293A4B64 /* AccountConfig.swift in Sources */,
				90EEF80FCA7FE205CE2B6545 /* ClubDistancesIOSView.swift in Sources */,
				A359F9CC2B764410E6318E37 /* CoachingInsightsView.swift in Sources */,
				118208663C8208404F1E633A /* ConfirmCourseView.swift in Sources */,
				F6DC9720D2CE054ABCA41A7E /* ContributeCourseView.swift in Sources */,
				61A63754546960802256ACCA /* ContributorLeaderboardView.swift in Sources */,
				46D233CB7B000E51F7619C3B /* CountryPickerView.swift in Sources */,
				B046932FD4F2BC4E2BEA6EA0 /* CourseBundleLoader.swift in Sources */,
				75A2BEEB0D8220CA5F4E5199 /* CourseDiscussionsView.swift in Sources */,
				FD552BE80C1EC0B0BB796B09 /* CourseSVGVisualizerView.swift in Sources */,
				B875B92CEC2D272E96AAC020 /* CourseVisualizationToggleView.swift in Sources */,
				044AFAFB16BC8DA9B87FFDC1 /* CourseVisualizerView.swift in Sources */,
				80FB9AC42C1A4A05C300FDEF /* CoursesView.swift in Sources */,
				A64E3A7852B7613800945ACA /* DashboardView.swift in Sources */,
				28D42380C90FD7355E706FA6 /* DataService.swift in Sources */,
				66818B71B0549E42C8F30163 /* GPSManager.swift in Sources */,
				CC41989A95120AE07DB25635 /* LiveRoundView.swift in Sources */,
				008FD1C25C98B0D5707C7CB3 /* LoginView.swift in Sources */,
				67C4EDC380B8712CDED977BE /* MainTabView.swift in Sources */,
				0F868896ED2E642E37D051C7 /* Models.swift in Sources */,
				9171F2D546210031BBB7FD6F /* NewRoundView.swift in Sources */,
				A74DFD3D59B42689EC05BB21 /* NotificationsView.swift in Sources */,
				855860585070138093A86A1B /* OSMSearchSheet.swift in Sources */,
				9AB45030423E60C4DDE0DD8E /* ProfileView.swift in Sources */,
				4213EBD90186E7905E173BF0 /* RoundCaddyApp.swift in Sources */,
				B847E725DDCC36DE9A5D3D31 /* RoundManager.swift in Sources */,
				0EAB3B95007EDF68C8AC8C27 /* RoundsListView.swift in Sources */,
				A1B2C3D4E5F60718293A4B62 /* SubscriptionConfig.swift in Sources */,
				A1B2C3D4E5F60718293A4B5C /* SubscriptionManager.swift in Sources */,
				195C8F682F4D96DF30167D22 /* SwingAnalyticsModels.swift in Sources */,
				FF97B92740FFBE5953E20693 /* SwingAnalyticsView.swift in Sources */,
				64443B7ECEE60302309F3F3A /* WatchSyncManager.swift in Sources */,
				B20687A3EA79B6815E3B063F /* AICaddieManager.swift in Sources */,
				20EF8DF42E55F32C71DB26EC /* ARBodyTrackingManager.swift in Sources */,
				433E28907C4D5D1E17854317 /* DataImportManager.swift in Sources */,
				22F89F3D114BB7A26D8145F4 /* GracePeriodManager.swift in Sources */,
				D9A860E280269BB1610BB1B1 /* HealthKitManager.swift in Sources */,
				C805E5AEC5BCEC400E8F4846 /* LiDARCapabilities.swift in Sources */,
				3FF8CA3A0AD1F873EE82D646 /* OfflineCacheManager.swift in Sources */,
				AF54D8AD15D90093679E98C4 /* PoseDetector.swift in Sources */,
				CA9F38084897B60AB5CCADA0 /* SiriIntentsManager.swift in Sources */,
				26908B1716D65DC342CE4B7B /* SwingAnalyzerIOS.swift in Sources */,
				61AD3D665C038128AB02F1D4 /* WatchSwingSync.swift in Sources */,
				9B3D3A21096BF3CD91A73F0C /* RangeModeModels.swift in Sources */,
				1B0173B934CBD81FC3906570 /* RoundModeConfig.swift in Sources */,
				AF235B8DCDF0FEBCCFCFF880 /* ARCourseView.swift in Sources */,
				4D315260C6D8DEDB8CEE0596 /* CourseNotesView.swift in Sources */,
				CB8320FFB41C50195DDE7CC5 /* FullScreenRoundView.swift in Sources */,
				B54E23407371BFDF012C4306 /* LiDAR3DView.swift in Sources */,
				AF93799A2FE2F08ACAD3D770 /* RangeModeView.swift in Sources */,
				69474EF1323C6038E84D7020 /* RangeSessionSummaryView.swift in Sources */,
				F10B3FBC5915CF9DB46C373A /* RoundModeSelectionView.swift in Sources */,
				8FBFCCA9346D65C250CCEDE0 /* SwingReplayView.swift in Sources */,
				167C9B1C5992184415C63817 /* AdaptiveLayouts.swift in Sources */,
				48D35B8CE55F2E302EA2D370 /* UIComponents.swift in Sources */,
				22853C59D2E06EDE5D86F52C /* ProPaywallView.swift in Sources */,
				3DD3B7D33C99E75FB28BA950 /* EditRoundView.swift in Sources */,
				3B9CDB442F24AAA274C20DDF /* CoursesMapView.swift in Sources */,
				27AB797CF48896D79128DA15 /* AICaddieView.swift in Sources */,
			);
			runOnlyForDeploymentPostprocessing = 0;
		};
		9B430490402895DC38DD9223 /* Sources */ = {
			isa = PBXSourcesBuildPhase;
			buildActionMask = 2147483647;
			files = (
				D0D44D654BFE82E40540FF8B /* CourseBundleLoaderTests.swift in Sources */,
				908C4CAA0720642C17FE7E93 /* CourseConfirmationTests.swift in Sources */,
				781719B7588F5C5CCBE7AEC1 /* DiscussionsTests.swift in Sources */,
				FEEF18237F391F187DDEADF1 /* GPSLocationDisplayTests.swift in Sources */,
				D7D7E6A24BC9A39AD74D6A92 /* GolfStatsTests.swift in Sources */,
				7DCDEF468BB7C40470246E22 /* NewRoundButtonTests.swift in Sources */,
			);
			runOnlyForDeploymentPostprocessing = 0;
		};
		F50650F5090FCCB54A6F0563 /* Sources */ = {
			isa = PBXSourcesBuildPhase;
			buildActionMask = 2147483647;
			files = (
				385164F19447C0B4ABEEBECB /* ClubDistanceTracker.swift in Sources */,
				DFFD071ACF021DA6ADBE52D2 /* ClubDistancesView.swift in Sources */,
				286A5A1C4002CD017A9DA46D /* CoachingEngine.swift in Sources */,
				B6B495DDD05F845C376FD03F /* CoachingTipsView.swift in Sources */,
				F02AF285C5115530D6352CF9 /* ContentView.swift in Sources */,
				068847E015A06185FF8D6600 /* DistanceView.swift in Sources */,
				E65FA6C4882E5AD1A57882CC /* GPSManager.swift in Sources */,
				A7301EE94E701B2032A383FC /* HighFrequencyMotionManager.swift in Sources */,
				01F0EBBF1056BC7A2BADE797 /* LiveShotDistanceView.swift in Sources */,
				0C7583873A7BFDAB61E110CF /* MotionManager.swift in Sources */,
				5FB0FA98E854220A87B397B4 /* PowerManager.swift in Sources */,
				4429A4B58DE690F31101B901 /* PracticeModeView.swift in Sources */,
				9EF896BA78E2645509BDD170 /* PuttCountBadge.swift in Sources */,
				6FE955418BA6E5B77E13DD8D /* PuttingView.swift in Sources */,
				F006040B0EF23E91368A1291 /* QuickTipBanner.swift in Sources */,
				1749F70BDB6AE11FC8437411 /* RoundCaddyWatchApp.swift in Sources */,
				EE1904814DF0FC2C28354A82 /* RoundManager.swift in Sources */,
				F4287C4DFC44E78A3B2E35F5 /* ScorecardView.swift in Sources */,
				A2B8DA4CBE2944D38E8EC0DE /* SettingsView.swift in Sources */,
				EF6D89E0619B22CDC7F7E1FF /* ShotConfirmationView.swift in Sources */,
				B073F5E5D0D471D06C56027A /* ShotTrackerView.swift in Sources */,
				B9EA8870409A3763F734B72E /* StrokesGainedCalculator.swift in Sources */,
				9B99455BA83B082BD354E674 /* StrokesGainedView.swift in Sources */,
				E66CDE0D317F4CA8A56CD207 /* SwingAnalytics.swift in Sources */,
				8B85AB24D52EF12888F50189 /* SwingDetector.swift in Sources */,
				E2A140BBC7A17490E7EA7EF1 /* SwingMetricsView.swift in Sources */,
				B323EC4D791461290B37D528 /* WorkoutManager.swift in Sources */,
				7DC46782A9176CD7422D649A /* ComplicationController.swift in Sources */,
				747759AA664C827874E65763 /* HapticManager.swift in Sources */,
				4B079CAE6D9CD50DCF7A4A78 /* RangeModeManager.swift in Sources */,
				6897D630E779CCEA1E0383A0 /* WatchIntents.swift in Sources */,
				36F8CF05D4D493F4ABACC3DC /* AICaddieWatchView.swift in Sources */,
				53FE547FD45D11D4287401F4 /* HoleNotesWatchView.swift in Sources */,
				49B531AD1A88CD38CDB3D5AB /* RangeModeWatchView.swift in Sources */,
			);
			runOnlyForDeploymentPostprocessing = 0;
		};
/* End PBXSourcesBuildPhase section */

/* Begin PBXTargetDependency section */
		399FF1174F68BB10C361495E /* PBXTargetDependency */ = {
			isa = PBXTargetDependency;
			target = 7AD8A98D2FCFC841BB5A033B /* RoundCaddy */;
			targetProxy = 7422B1FD032847715C7F1D05 /* PBXContainerItemProxy */;
		};
		EC6350D2CF19EF29014BF981 /* PBXTargetDependency */ = {
			isa = PBXTargetDependency;
			target = B2A311FF14CF53523FA18BAB /* RoundCaddyWatch */;
			targetProxy = C5138543C62CE751ECEE601A /* PBXContainerItemProxy */;
		};
/* End PBXTargetDependency section */

/* Begin XCBuildConfiguration section */
		0F9E16A2E1C8A169257D84DA /* Debug */ = {
			isa = XCBuildConfiguration;
			buildSettings = {
				ALWAYS_SEARCH_USER_PATHS = NO;
				CLANG_ANALYZER_NONNULL = YES;
				CLANG_ANALYZER_NUMBER_OBJECT_CONVERSION = YES_AGGRESSIVE;
				CLANG_CXX_LANGUAGE_STANDARD = "gnu++14";
				CLANG_CXX_LIBRARY = "libc++";
				CLANG_ENABLE_MODULES = YES;
				CLANG_ENABLE_OBJC_ARC = YES;
				CLANG_ENABLE_OBJC_WEAK = YES;
				CLANG_WARN_BLOCK_CAPTURE_AUTORELEASING = YES;
				CLANG_WARN_BOOL_CONVERSION = YES;
				CLANG_WARN_COMMA = YES;
				CLANG_WARN_CONSTANT_CONVERSION = YES;
				CLANG_WARN_DEPRECATED_OBJC_IMPLEMENTATIONS = YES;
				CLANG_WARN_DIRECT_OBJC_ISA_USAGE = YES_ERROR;
				CLANG_WARN_DOCUMENTATION_COMMENTS = YES;
				CLANG_WARN_EMPTY_BODY = YES;
				CLANG_WARN_ENUM_CONVERSION = YES;
				CLANG_WARN_INFINITE_RECURSION = YES;
				CLANG_WARN_INT_CONVERSION = YES;
				CLANG_WARN_NON_LITERAL_NULL_CONVERSION = YES;
				CLANG_WARN_OBJC_IMPLICIT_RETAIN_SELF = YES;
				CLANG_WARN_OBJC_LITERAL_CONVERSION = YES;
				CLANG_WARN_OBJC_ROOT_CLASS = YES_ERROR;
				CLANG_WARN_QUOTED_INCLUDE_IN_FRAMEWORK_HEADER = YES;
				CLANG_WARN_RANGE_LOOP_ANALYSIS = YES;
				CLANG_WARN_STRICT_PROTOTYPES = YES;
				CLANG_WARN_SUSPICIOUS_MOVE = YES;
				CLANG_WARN_UNGUARDED_AVAILABILITY = YES_AGGRESSIVE;
				CLANG_WARN_UNREACHABLE_CODE = YES;
				CLANG_WARN__DUPLICATE_METHOD_MATCH = YES;
				CODE_SIGN_STYLE = Automatic;
				COPY_PHASE_STRIP = NO;
				CURRENT_PROJECT_VERSION = 1;
				DEBUG_INFORMATION_FORMAT = dwarf;
				DEVELOPMENT_TEAM = AYEZVE9ZJ6;
				ENABLE_BITCODE = NO;
				ENABLE_STRICT_OBJC_MSGSEND = YES;
				ENABLE_TESTABILITY = YES;
				GCC_C_LANGUAGE_STANDARD = gnu11;
				GCC_DYNAMIC_NO_PIC = NO;
				GCC_NO_COMMON_BLOCKS = YES;
				GCC_OPTIMIZATION_LEVEL = 0;
				GCC_PREPROCESSOR_DEFINITIONS = (
					"$(inherited)",
					"DEBUG=1",
				);
				GCC_WARN_64_TO_32_BIT_CONVERSION = YES;
				GCC_WARN_ABOUT_RETURN_TYPE = YES_ERROR;
				GCC_WARN_UNDECLARED_SELECTOR = YES;
				GCC_WARN_UNINITIALIZED_AUTOS = YES_AGGRESSIVE;
				GCC_WARN_UNUSED_FUNCTION = YES;
				GCC_WARN_UNUSED_VARIABLE = YES;
				INSTALL_PATH = "$(LOCAL_APPS_DIR)";
				IPHONEOS_DEPLOYMENT_TARGET = 17.0;
				MARKETING_VERSION = 1.0.0;
				MTL_ENABLE_DEBUG_INFO = INCLUDE_SOURCE;
				MTL_FAST_MATH = YES;
				ONLY_ACTIVE_ARCH = YES;
				PRODUCT_NAME = "$(TARGET_NAME)";
				SKIP_INSTALL = NO;
				SWIFT_ACTIVE_COMPILATION_CONDITIONS = DEBUG;
				SWIFT_OPTIMIZATION_LEVEL = "-Onone";
				SWIFT_VERSION = 5.9;
				WATCHOS_DEPLOYMENT_TARGET = 10.0;
			};
			name = Debug;
		};
		46C5E3D835EFE728FE0B2CBE /* Release */ = {
			isa = XCBuildConfiguration;
			buildSettings = {
				BUNDLE_LOADER = "$(TEST_HOST)";
				CODE_SIGN_STYLE = Automatic;
				GENERATE_INFOPLIST_FILE = YES;
				LD_RUNPATH_SEARCH_PATHS = (
					"$(inherited)",
					"@executable_path/Frameworks",
					"@loader_path/Frameworks",
				);
				PRODUCT_BUNDLE_IDENTIFIER = com.roundcaddy.ios.tests;
				SDKROOT = iphoneos;
				SWIFT_VERSION = 5.9;
				TARGETED_DEVICE_FAMILY = "1,2";
				TEST_HOST = "$(BUILT_PRODUCTS_DIR)/RoundCaddy.app/$(BUNDLE_EXECUTABLE_FOLDER_PATH)/RoundCaddy";
			};
			name = Release;
		};
		46EA3DAD23B029E8B07F0530 /* Release */ = {
			isa = XCBuildConfiguration;
			buildSettings = {
				ALWAYS_EMBED_SWIFT_STANDARD_LIBRARIES = YES;
				ASSETCATALOG_COMPILER_APPICON_NAME = AppIcon;
				ASSETCATALOG_COMPILER_OTHER_FLAGS = "--enable-icon-stack-fallback-generation=disabled";
				CODE_SIGN_ENTITLEMENTS = "../watch/RoundCaddyWatch WatchKit Extension/Resources/RoundCaddyWatch.entitlements";
				ENABLE_PREVIEWS = YES;
				INFOPLIST_FILE = "../watch/RoundCaddyWatch WatchKit Extension/Resources/Info.plist";
				PRODUCT_BUNDLE_IDENTIFIER = com.roundcaddy.ios.watchkitapp;
				SDKROOT = watchos;
				SKIP_INSTALL = YES;
				TARGETED_DEVICE_FAMILY = 4;
				WATCHOS_DEPLOYMENT_TARGET = 10.0;
			};
			name = Release;
		};
		8267FF94ECE9A8C39CFCD925 /* Debug */ = {
			isa = XCBuildConfiguration;
			buildSettings = {
				ALWAYS_EMBED_SWIFT_STANDARD_LIBRARIES = YES;
				ASSETCATALOG_COMPILER_APPICON_NAME = AppIcon;
				ASSETCATALOG_COMPILER_OTHER_FLAGS = "--enable-icon-stack-fallback-generation=disabled";
				CODE_SIGN_ENTITLEMENTS = "../watch/RoundCaddyWatch WatchKit Extension/Resources/RoundCaddyWatch.entitlements";
				ENABLE_PREVIEWS = YES;
				INFOPLIST_FILE = "../watch/RoundCaddyWatch WatchKit Extension/Resources/Info.plist";
				PRODUCT_BUNDLE_IDENTIFIER = com.roundcaddy.ios.watchkitapp;
				SDKROOT = watchos;
				SKIP_INSTALL = YES;
				TARGETED_DEVICE_FAMILY = 4;
				WATCHOS_DEPLOYMENT_TARGET = 10.0;
			};
			name = Debug;
		};
		8B6D23E6E80F0AFABF726EE7 /* Release */ = {
			isa = XCBuildConfiguration;
			buildSettings = {
				ALWAYS_SEARCH_USER_PATHS = NO;
				CLANG_ANALYZER_NONNULL = YES;
				CLANG_ANALYZER_NUMBER_OBJECT_CONVERSION = YES_AGGRESSIVE;
				CLANG_CXX_LANGUAGE_STANDARD = "gnu++14";
				CLANG_CXX_LIBRARY = "libc++";
				CLANG_ENABLE_MODULES = YES;
				CLANG_ENABLE_OBJC_ARC = YES;
				CLANG_ENABLE_OBJC_WEAK = YES;
				CLANG_WARN_BLOCK_CAPTURE_AUTORELEASING = YES;
				CLANG_WARN_BOOL_CONVERSION = YES;
				CLANG_WARN_COMMA = YES;
				CLANG_WARN_CONSTANT_CONVERSION = YES;
				CLANG_WARN_DEPRECATED_OBJC_IMPLEMENTATIONS = YES;
				CLANG_WARN_DIRECT_OBJC_ISA_USAGE = YES_ERROR;
				CLANG_WARN_DOCUMENTATION_COMMENTS = YES;
				CLANG_WARN_EMPTY_BODY = YES;
				CLANG_WARN_ENUM_CONVERSION = YES;
				CLANG_WARN_INFINITE_RECURSION = YES;
				CLANG_WARN_INT_CONVERSION = YES;
				CLANG_WARN_NON_LITERAL_NULL_CONVERSION = YES;
				CLANG_WARN_OBJC_IMPLICIT_RETAIN_SELF = YES;
				CLANG_WARN_OBJC_LITERAL_CONVERSION = YES;
				CLANG_WARN_OBJC_ROOT_CLASS = YES_ERROR;
				CLANG_WARN_QUOTED_INCLUDE_IN_FRAMEWORK_HEADER = YES;
				CLANG_WARN_RANGE_LOOP_ANALYSIS = YES;
				CLANG_WARN_STRICT_PROTOTYPES = YES;
				CLANG_WARN_SUSPICIOUS_MOVE = YES;
				CLANG_WARN_UNGUARDED_AVAILABILITY = YES_AGGRESSIVE;
				CLANG_WARN_UNREACHABLE_CODE = YES;
				CLANG_WARN__DUPLICATE_METHOD_MATCH = YES;
				CODE_SIGN_STYLE = Automatic;
				COPY_PHASE_STRIP = NO;
				CURRENT_PROJECT_VERSION = 1;
				DEBUG_INFORMATION_FORMAT = "dwarf-with-dsym";
				DEVELOPMENT_TEAM = AYEZVE9ZJ6;
				ENABLE_BITCODE = NO;
				ENABLE_NS_ASSERTIONS = NO;
				ENABLE_STRICT_OBJC_MSGSEND = YES;
				GCC_C_LANGUAGE_STANDARD = gnu11;
				GCC_NO_COMMON_BLOCKS = YES;
				GCC_WARN_64_TO_32_BIT_CONVERSION = YES;
				GCC_WARN_ABOUT_RETURN_TYPE = YES_ERROR;
				GCC_WARN_UNDECLARED_SELECTOR = YES;
				GCC_WARN_UNINITIALIZED_AUTOS = YES_AGGRESSIVE;
				GCC_WARN_UNUSED_FUNCTION = YES;
				GCC_WARN_UNUSED_VARIABLE = YES;
				INSTALL_PATH = "$(LOCAL_APPS_DIR)";
				IPHONEOS_DEPLOYMENT_TARGET = 17.0;
				MARKETING_VERSION = 1.0.0;
				MTL_ENABLE_DEBUG_INFO = NO;
				MTL_FAST_MATH = YES;
				PRODUCT_NAME = "$(TARGET_NAME)";
				SKIP_INSTALL = NO;
				SWIFT_COMPILATION_MODE = wholemodule;
				SWIFT_OPTIMIZATION_LEVEL = "-O";
				SWIFT_VERSION = 5.9;
				WATCHOS_DEPLOYMENT_TARGET = 10.0;
			};
			name = Release;
		};
		A151834C35240F0F50845D27 /* Debug */ = {
			isa = XCBuildConfiguration;
			buildSettings = {
				BUNDLE_LOADER = "$(TEST_HOST)";
				CODE_SIGN_STYLE = Automatic;
				GENERATE_INFOPLIST_FILE = YES;
				LD_RUNPATH_SEARCH_PATHS = (
					"$(inherited)",
					"@executable_path/Frameworks",
					"@loader_path/Frameworks",
				);
				PRODUCT_BUNDLE_IDENTIFIER = com.roundcaddy.ios.tests;
				SDKROOT = iphoneos;
				SWIFT_VERSION = 5.9;
				TARGETED_DEVICE_FAMILY = "1,2";
				TEST_HOST = "$(BUILT_PRODUCTS_DIR)/RoundCaddy.app/$(BUNDLE_EXECUTABLE_FOLDER_PATH)/RoundCaddy";
			};
			name = Debug;
		};
		A3EF31B4FCCE84BEC6697977 /* Release */ = {
			isa = XCBuildConfiguration;
			buildSettings = {
				ALWAYS_EMBED_SWIFT_STANDARD_LIBRARIES = YES;
				ASSETCATALOG_COMPILER_APPICON_NAME = AppIcon;
				CODE_SIGN_ENTITLEMENTS = GolfStats/Resources/GolfStats.entitlements;
				CODE_SIGN_IDENTITY = "iPhone Developer";
				ENABLE_PREVIEWS = YES;
				INFOPLIST_FILE = GolfStats/Resources/Info.plist;
				LD_RUNPATH_SEARCH_PATHS = (
					"$(inherited)",
					"@executable_path/Frameworks",
				);
				PRODUCT_BUNDLE_IDENTIFIER = com.roundcaddy.ios;
				SDKROOT = iphoneos;
				SUPPORTS_MACCATALYST = NO;
				TARGETED_DEVICE_FAMILY = "1,2";
			};
			name = Release;
		};
		A841731EFDE6008FC3399F85 /* Debug */ = {
			isa = XCBuildConfiguration;
			buildSettings = {
				ALWAYS_EMBED_SWIFT_STANDARD_LIBRARIES = YES;
				ASSETCATALOG_COMPILER_APPICON_NAME = AppIcon;
				CODE_SIGN_ENTITLEMENTS = GolfStats/Resources/GolfStats.entitlements;
				CODE_SIGN_IDENTITY = "iPhone Developer";
				ENABLE_PREVIEWS = YES;
				INFOPLIST_FILE = GolfStats/Resources/Info.plist;
				LD_RUNPATH_SEARCH_PATHS = (
					"$(inherited)",
					"@executable_path/Frameworks",
				);
				PRODUCT_BUNDLE_IDENTIFIER = com.roundcaddy.ios;
				SDKROOT = iphoneos;
				SUPPORTS_MACCATALYST = NO;
				TARGETED_DEVICE_FAMILY = "1,2";
			};
			name = Debug;
		};
/* End XCBuildConfiguration section */

/* Begin XCConfigurationList section */
		43F2FCB150848721EF2B86D2 /* Build configuration list for PBXNativeTarget "RoundCaddyWatch" */ = {
			isa = XCConfigurationList;
			buildConfigurations = (
				8267FF94ECE9A8C39CFCD925 /* Debug */,
				46EA3DAD23B029E8B07F0530 /* Release */,
			);
			defaultConfigurationIsVisible = 0;
			defaultConfigurationName = Debug;
		};
		C151FD54330E0831FC548818 /* Build configuration list for PBXProject "RoundCaddy" */ = {
			isa = XCConfigurationList;
			buildConfigurations = (
				0F9E16A2E1C8A169257D84DA /* Debug */,
				8B6D23E6E80F0AFABF726EE7 /* Release */,
			);
			defaultConfigurationIsVisible = 0;
			defaultConfigurationName = Debug;
		};
		E139E08D3637C9F8F852CC0C /* Build configuration list for PBXNativeTarget "RoundCaddyTests" */ = {
			isa = XCConfigurationList;
			buildConfigurations = (
				A151834C35240F0F50845D27 /* Debug */,
				46C5E3D835EFE728FE0B2CBE /* Release */,
			);
			defaultConfigurationIsVisible = 0;
			defaultConfigurationName = Debug;
		};
		EFB0DF905B204594054EF462 /* Build configuration list for PBXNativeTarget "RoundCaddy" */ = {
			isa = XCConfigurationList;
			buildConfigurations = (
				A841731EFDE6008FC3399F85 /* Debug */,
				A3EF31B4FCCE84BEC6697977 /* Release */,
			);
			defaultConfigurationIsVisible = 0;
			defaultConfigurationName = Debug;
		};
/* End XCConfigurationList section */
	};
	rootObject = 3FA6413637771D526F8BEB72 /* Project object */;
}
