// !$*UTF8*$!
{
	archiveVersion = 1;
	classes = {
	};
	objectVersion = 63;
	objects = {

/* Begin PBXBuildFile section */
		01174E5464BB7A1254FBAF8A /* GolfStatsWatchApp.swift in Sources */ = {isa = PBXBuildFile; fileRef = 49262CF9C09724CBF1E16B79 /* GolfStatsWatchApp.swift */; };
		052039F604D00970C519166F /* Assets.xcassets in Resources */ = {isa = PBXBuildFile; fileRef = CFB1CB554C53E74F2CEEEE7D /* Assets.xcassets */; };
		079AEA6B0514424ADC8123F1 /* GolfStatsApp.swift in Sources */ = {isa = PBXBuildFile; fileRef = 406FFF98C7A8C20661D8DF0C /* GolfStatsApp.swift */; };
		13AF69A7B468F6D8A5A94AB3 /* GolfStatsWatch.app in Embed Watch Content */ = {isa = PBXBuildFile; fileRef = 700EC730B457084B328F8B30 /* GolfStatsWatch.app */; settings = {ATTRIBUTES = (RemoveHeadersOnCopy, ); }; };
		13E8AEF42F1B1C1D0006B6D6 /* ContributorLeaderboardView.swift in Sources */ = {isa = PBXBuildFile; fileRef = 13E8AEF32F1B1C1D0006B6D6 /* ContributorLeaderboardView.swift */; };
		242F544EF19100C0BD8DA72D /* WatchSyncManager.swift in Sources */ = {isa = PBXBuildFile; fileRef = 0D7496A92B03CE42D1B6BDFA /* WatchSyncManager.swift */; };
		3B81979C4E97C73AE97027EE /* Assets.xcassets in Resources */ = {isa = PBXBuildFile; fileRef = 20C189726ECE51D93619A7C3 /* Assets.xcassets */; };
		45D0AD5F6F00B3E78D331A58 /* LiveRoundView.swift in Sources */ = {isa = PBXBuildFile; fileRef = C7EB6BD118FFB988AACB025A /* LiveRoundView.swift */; };
		548C410D28FF0D6CCE09735E /* RoundManager.swift in Sources */ = {isa = PBXBuildFile; fileRef = AE384641B9AA97468FBEBB06 /* RoundManager.swift */; };
		65106D4A89B04A06C9393614 /* RoundManager.swift in Sources */ = {isa = PBXBuildFile; fileRef = 5CB78754AEDF7FC6D20B20DB /* RoundManager.swift */; };
		697C334DBBDB2B43935D9332 /* ContentView.swift in Sources */ = {isa = PBXBuildFile; fileRef = 5248E0A83DA3E87210FD6F0D /* ContentView.swift */; };
		6ABCEE530B6782509A732CF1 /* LoginView.swift in Sources */ = {isa = PBXBuildFile; fileRef = 6CDD123C98650A33B4E925F9 /* LoginView.swift */; };
		7012419AC2F918F47E00A389 /* ProfileView.swift in Sources */ = {isa = PBXBuildFile; fileRef = F870E69FB00D42BF68970E6B /* ProfileView.swift */; };
		7CDE24DF5EC97979941E1565 /* DashboardView.swift in Sources */ = {isa = PBXBuildFile; fileRef = 107FD322B8F94218A4ADA0DA /* DashboardView.swift */; };
		8063CAD05E0916B6B5D345C0 /* NewRoundView.swift in Sources */ = {isa = PBXBuildFile; fileRef = AA6234B370243882BA3AF850 /* NewRoundView.swift */; };
		820D7420010B768BB3A905CF /* DataService.swift in Sources */ = {isa = PBXBuildFile; fileRef = 0A37C57DD0EA01B1E1EC70D1 /* DataService.swift */; };
		8D71715951B3CA6FA73F6B3F /* ShotTrackerView.swift in Sources */ = {isa = PBXBuildFile; fileRef = 1CB16BDEE11DACBC6A877D4F /* ShotTrackerView.swift */; };
		8E079C710EBE28FAB612E415 /* CoursesView.swift in Sources */ = {isa = PBXBuildFile; fileRef = 07D1160C1AE391CDD6F5A2E5 /* CoursesView.swift */; };
		93D16914C5C3DF50696A3A93 /* DistanceView.swift in Sources */ = {isa = PBXBuildFile; fileRef = 2BFD07370BD31253611F26F5 /* DistanceView.swift */; };
		9695B86F5B30A7E6F7FC339C /* Models.swift in Sources */ = {isa = PBXBuildFile; fileRef = DFC268FC7510613501691C79 /* Models.swift */; };
		AC64AF4F01F507CDB94C3647 /* GPSManager.swift in Sources */ = {isa = PBXBuildFile; fileRef = 1986E0973B0A533FE93DB2CD /* GPSManager.swift */; };
		C57F5730F19901E48BCCF7E7 /* GPSManager.swift in Sources */ = {isa = PBXBuildFile; fileRef = 7066595EAC782AEAD72A186F /* GPSManager.swift */; };
		C6B3D5BDB1E3BA9A36509E4C /* MainTabView.swift in Sources */ = {isa = PBXBuildFile; fileRef = 211622A7E18FE47F53161022 /* MainTabView.swift */; };
		C7596453ADCCD477F77A3B18 /* ScorecardView.swift in Sources */ = {isa = PBXBuildFile; fileRef = D5F1355C249C268BF7D8E153 /* ScorecardView.swift */; };
		D741B246229A849E9291EC9A /* AuthManager.swift in Sources */ = {isa = PBXBuildFile; fileRef = 651726719460FFAAE030B2D5 /* AuthManager.swift */; };
		E04A46039CFEC4F050055CFF /* RoundsListView.swift in Sources */ = {isa = PBXBuildFile; fileRef = D7D2B780B17FC7AEC6F5A1A7 /* RoundsListView.swift */; };
/* End PBXBuildFile section */

/* Begin PBXContainerItemProxy section */
		4657825C217DA3B01B5A4AC3 /* PBXContainerItemProxy */ = {
			isa = PBXContainerItemProxy;
			containerPortal = 3FA6413637771D526F8BEB72 /* Project object */;
			proxyType = 1;
			remoteGlobalIDString = 6BD6B9B5E6A94B145F6E4091;
			remoteInfo = GolfStatsWatch;
		};
/* End PBXContainerItemProxy section */

/* Begin PBXCopyFilesBuildPhase section */
		CCEF14C0793AE67213060434 /* Embed Watch Content */ = {
			isa = PBXCopyFilesBuildPhase;
			buildActionMask = 2147483647;
			dstPath = "$(CONTENTS_FOLDER_PATH)/Watch";
			dstSubfolderSpec = 16;
			files = (
				13AF69A7B468F6D8A5A94AB3 /* GolfStatsWatch.app in Embed Watch Content */,
			);
			name = "Embed Watch Content";
			runOnlyForDeploymentPostprocessing = 0;
		};
/* End PBXCopyFilesBuildPhase section */

/* Begin PBXFileReference section */
		07D1160C1AE391CDD6F5A2E5 /* CoursesView.swift */ = {isa = PBXFileReference; lastKnownFileType = sourcecode.swift; path = CoursesView.swift; sourceTree = "<group>"; };
		09F23702B53303D5750699D6 /* GolfStats.app */ = {isa = PBXFileReference; includeInIndex = 0; lastKnownFileType = wrapper.application; path = GolfStats.app; sourceTree = BUILT_PRODUCTS_DIR; };
		0A37C57DD0EA01B1E1EC70D1 /* DataService.swift */ = {isa = PBXFileReference; lastKnownFileType = sourcecode.swift; path = DataService.swift; sourceTree = "<group>"; };
		0D7496A92B03CE42D1B6BDFA /* WatchSyncManager.swift */ = {isa = PBXFileReference; lastKnownFileType = sourcecode.swift; path = WatchSyncManager.swift; sourceTree = "<group>"; };
		107FD322B8F94218A4ADA0DA /* DashboardView.swift */ = {isa = PBXFileReference; lastKnownFileType = sourcecode.swift; path = DashboardView.swift; sourceTree = "<group>"; };
		13E8AEF32F1B1C1D0006B6D6 /* ContributorLeaderboardView.swift */ = {isa = PBXFileReference; lastKnownFileType = sourcecode.swift; path = ContributorLeaderboardView.swift; sourceTree = "<group>"; };
		1986E0973B0A533FE93DB2CD /* GPSManager.swift */ = {isa = PBXFileReference; lastKnownFileType = sourcecode.swift; path = GPSManager.swift; sourceTree = "<group>"; };
		1CB16BDEE11DACBC6A877D4F /* ShotTrackerView.swift */ = {isa = PBXFileReference; lastKnownFileType = sourcecode.swift; path = ShotTrackerView.swift; sourceTree = "<group>"; };
		20C189726ECE51D93619A7C3 /* Assets.xcassets */ = {isa = PBXFileReference; lastKnownFileType = folder.assetcatalog; path = Assets.xcassets; sourceTree = "<group>"; };
		211622A7E18FE47F53161022 /* MainTabView.swift */ = {isa = PBXFileReference; lastKnownFileType = sourcecode.swift; path = MainTabView.swift; sourceTree = "<group>"; };
		2BFD07370BD31253611F26F5 /* DistanceView.swift */ = {isa = PBXFileReference; lastKnownFileType = sourcecode.swift; path = DistanceView.swift; sourceTree = "<group>"; };
		406FFF98C7A8C20661D8DF0C /* GolfStatsApp.swift */ = {isa = PBXFileReference; lastKnownFileType = sourcecode.swift; path = GolfStatsApp.swift; sourceTree = "<group>"; };
		49262CF9C09724CBF1E16B79 /* GolfStatsWatchApp.swift */ = {isa = PBXFileReference; lastKnownFileType = sourcecode.swift; path = GolfStatsWatchApp.swift; sourceTree = "<group>"; };
		5248E0A83DA3E87210FD6F0D /* ContentView.swift */ = {isa = PBXFileReference; lastKnownFileType = sourcecode.swift; path = ContentView.swift; sourceTree = "<group>"; };
		5CB78754AEDF7FC6D20B20DB /* RoundManager.swift */ = {isa = PBXFileReference; lastKnownFileType = sourcecode.swift; path = RoundManager.swift; sourceTree = "<group>"; };
		651726719460FFAAE030B2D5 /* AuthManager.swift */ = {isa = PBXFileReference; lastKnownFileType = sourcecode.swift; path = AuthManager.swift; sourceTree = "<group>"; };
		6CDD123C98650A33B4E925F9 /* LoginView.swift */ = {isa = PBXFileReference; lastKnownFileType = sourcecode.swift; path = LoginView.swift; sourceTree = "<group>"; };
		700EC730B457084B328F8B30 /* GolfStatsWatch.app */ = {isa = PBXFileReference; explicitFileType = wrapper.application; includeInIndex = 0; path = GolfStatsWatch.app; sourceTree = BUILT_PRODUCTS_DIR; };
		7066595EAC782AEAD72A186F /* GPSManager.swift */ = {isa = PBXFileReference; lastKnownFileType = sourcecode.swift; path = GPSManager.swift; sourceTree = "<group>"; };
		AA6234B370243882BA3AF850 /* NewRoundView.swift */ = {isa = PBXFileReference; lastKnownFileType = sourcecode.swift; path = NewRoundView.swift; sourceTree = "<group>"; };
		AE384641B9AA97468FBEBB06 /* RoundManager.swift */ = {isa = PBXFileReference; lastKnownFileType = sourcecode.swift; path = RoundManager.swift; sourceTree = "<group>"; };
		C7EB6BD118FFB988AACB025A /* LiveRoundView.swift */ = {isa = PBXFileReference; lastKnownFileType = sourcecode.swift; path = LiveRoundView.swift; sourceTree = "<group>"; };
		CFA0D1ACAEF74623CA40AE1A /* Info.plist */ = {isa = PBXFileReference; lastKnownFileType = text.plist; path = Info.plist; sourceTree = "<group>"; };
		CFB1CB554C53E74F2CEEEE7D /* Assets.xcassets */ = {isa = PBXFileReference; lastKnownFileType = folder.assetcatalog; path = Assets.xcassets; sourceTree = "<group>"; };
		D5F1355C249C268BF7D8E153 /* ScorecardView.swift */ = {isa = PBXFileReference; lastKnownFileType = sourcecode.swift; path = ScorecardView.swift; sourceTree = "<group>"; };
		D6D29D7D761D1DFF51A3B1B8 /* GolfStats.entitlements */ = {isa = PBXFileReference; lastKnownFileType = text.plist.entitlements; path = GolfStats.entitlements; sourceTree = "<group>"; };
		D7D2B780B17FC7AEC6F5A1A7 /* RoundsListView.swift */ = {isa = PBXFileReference; lastKnownFileType = sourcecode.swift; path = RoundsListView.swift; sourceTree = "<group>"; };
		DFC268FC7510613501691C79 /* Models.swift */ = {isa = PBXFileReference; lastKnownFileType = sourcecode.swift; path = Models.swift; sourceTree = "<group>"; };
		F870E69FB00D42BF68970E6B /* ProfileView.swift */ = {isa = PBXFileReference; lastKnownFileType = sourcecode.swift; path = ProfileView.swift; sourceTree = "<group>"; };
/* End PBXFileReference section */

/* Begin PBXGroup section */
		1FF5FF9E2AFC17FBDA60B7B5 /* Resources */ = {
			isa = PBXGroup;
			children = (
				CFB1CB554C53E74F2CEEEE7D /* Assets.xcassets */,
				D6D29D7D761D1DFF51A3B1B8 /* GolfStats.entitlements */,
				CFA0D1ACAEF74623CA40AE1A /* Info.plist */,
			);
			path = Resources;
			sourceTree = "<group>";
		};
		2A80045CEB08D76DDCB4F8D2 /* GolfStats */ = {
			isa = PBXGroup;
			children = (
				1FF5FF9E2AFC17FBDA60B7B5 /* Resources */,
				2EBA200E48097B69C12BD74F /* Sources */,
			);
			path = GolfStats;
			sourceTree = "<group>";
		};
		2EBA200E48097B69C12BD74F /* Sources */ = {
			isa = PBXGroup;
			children = (
				DF082A23CDB768A83415667E /* Managers */,
				6A8881214AE0C4FFF65502FE /* Models */,
				CC97B181576273FD6688E429 /* Views */,
				406FFF98C7A8C20661D8DF0C /* GolfStatsApp.swift */,
			);
			path = Sources;
			sourceTree = "<group>";
		};
		4FF762A98525CFF12458D6C5 /* apps */ = {
			isa = PBXGroup;
			children = (
				9F1116720FFAF62FACBA65C3 /* watch */,
			);
			name = apps;
			path = ..;
			sourceTree = "<group>";
		};
		6A8881214AE0C4FFF65502FE /* Models */ = {
			isa = PBXGroup;
			children = (
				DFC268FC7510613501691C79 /* Models.swift */,
			);
			path = Models;
			sourceTree = "<group>";
		};
		9A000CF68403FB1D7CF0F3AF /* GolfStatsWatch WatchKit Extension */ = {
			isa = PBXGroup;
			children = (
				DF9CEB6CBD8935A1D4744B32 /* Resources */,
				F9AC152A2FA8BD97EFCE2605 /* Sources */,
			);
			path = "GolfStatsWatch WatchKit Extension";
			sourceTree = "<group>";
		};
		9F1116720FFAF62FACBA65C3 /* watch */ = {
			isa = PBXGroup;
			children = (
				9A000CF68403FB1D7CF0F3AF /* GolfStatsWatch WatchKit Extension */,
			);
			path = watch;
			sourceTree = "<group>";
		};
		AE16B9DAA02DDF562E6DD4AC /* Products */ = {
			isa = PBXGroup;
			children = (
				09F23702B53303D5750699D6 /* GolfStats.app */,
				700EC730B457084B328F8B30 /* GolfStatsWatch.app */,
			);
			name = Products;
			sourceTree = "<group>";
		};
		CC97B181576273FD6688E429 /* Views */ = {
			isa = PBXGroup;
			children = (
				13E8AEF32F1B1C1D0006B6D6 /* ContributorLeaderboardView.swift */,
				07D1160C1AE391CDD6F5A2E5 /* CoursesView.swift */,
				107FD322B8F94218A4ADA0DA /* DashboardView.swift */,
				C7EB6BD118FFB988AACB025A /* LiveRoundView.swift */,
				6CDD123C98650A33B4E925F9 /* LoginView.swift */,
				211622A7E18FE47F53161022 /* MainTabView.swift */,
				AA6234B370243882BA3AF850 /* NewRoundView.swift */,
				F870E69FB00D42BF68970E6B /* ProfileView.swift */,
				D7D2B780B17FC7AEC6F5A1A7 /* RoundsListView.swift */,
			);
			path = Views;
			sourceTree = "<group>";
		};
		DF082A23CDB768A83415667E /* Managers */ = {
			isa = PBXGroup;
			children = (
				651726719460FFAAE030B2D5 /* AuthManager.swift */,
				0A37C57DD0EA01B1E1EC70D1 /* DataService.swift */,
				7066595EAC782AEAD72A186F /* GPSManager.swift */,
				AE384641B9AA97468FBEBB06 /* RoundManager.swift */,
				0D7496A92B03CE42D1B6BDFA /* WatchSyncManager.swift */,
			);
			path = Managers;
			sourceTree = "<group>";
		};
		DF9CEB6CBD8935A1D4744B32 /* Resources */ = {
			isa = PBXGroup;
			children = (
				20C189726ECE51D93619A7C3 /* Assets.xcassets */,
			);
			path = Resources;
			sourceTree = "<group>";
		};
		EAE168B7FFD69949B3B676C2 = {
			isa = PBXGroup;
			children = (
				4FF762A98525CFF12458D6C5 /* apps */,
				2A80045CEB08D76DDCB4F8D2 /* GolfStats */,
				AE16B9DAA02DDF562E6DD4AC /* Products */,
			);
			sourceTree = "<group>";
		};
		EE06D63B85D45EAFC9DE2950 /* Views */ = {
			isa = PBXGroup;
			children = (
				2BFD07370BD31253611F26F5 /* DistanceView.swift */,
				D5F1355C249C268BF7D8E153 /* ScorecardView.swift */,
				1CB16BDEE11DACBC6A877D4F /* ShotTrackerView.swift */,
			);
			path = Views;
			sourceTree = "<group>";
		};
		F9AC152A2FA8BD97EFCE2605 /* Sources */ = {
			isa = PBXGroup;
			children = (
				EE06D63B85D45EAFC9DE2950 /* Views */,
				5248E0A83DA3E87210FD6F0D /* ContentView.swift */,
				49262CF9C09724CBF1E16B79 /* GolfStatsWatchApp.swift */,
				1986E0973B0A533FE93DB2CD /* GPSManager.swift */,
				5CB78754AEDF7FC6D20B20DB /* RoundManager.swift */,
			);
			path = Sources;
			sourceTree = "<group>";
		};
/* End PBXGroup section */

/* Begin PBXNativeTarget section */
		1D9273535EE7E437EB2B7C78 /* GolfStats */ = {
			isa = PBXNativeTarget;
			buildConfigurationList = 4D3100446F412E0E42235F62 /* Build configuration list for PBXNativeTarget "GolfStats" */;
			buildPhases = (
				5BC8557122F4808DBD53B8C9 /* Sources */,
				E7682413FB02C5224ADAEC27 /* Resources */,
				CCEF14C0793AE67213060434 /* Embed Watch Content */,
			);
			buildRules = (
			);
			dependencies = (
				B5715E49684DF0B85AF26ACB /* PBXTargetDependency */,
			);
			name = GolfStats;
			packageProductDependencies = (
			);
			productName = GolfStats;
			productReference = 09F23702B53303D5750699D6 /* GolfStats.app */;
			productType = "com.apple.product-type.application";
		};
		6BD6B9B5E6A94B145F6E4091 /* GolfStatsWatch */ = {
			isa = PBXNativeTarget;
			buildConfigurationList = F70C14A895827EC8A005DB91 /* Build configuration list for PBXNativeTarget "GolfStatsWatch" */;
			buildPhases = (
				233BC328DE76FAFCC0051C9D /* Sources */,
				0E1012CBC2F0C3C78D1730AD /* Resources */,
			);
			buildRules = (
			);
			dependencies = (
			);
			name = GolfStatsWatch;
			packageProductDependencies = (
			);
			productName = GolfStatsWatch;
			productReference = 700EC730B457084B328F8B30 /* GolfStatsWatch.app */;
			productType = "com.apple.product-type.application";
		};
/* End PBXNativeTarget section */

/* Begin PBXProject section */
		3FA6413637771D526F8BEB72 /* Project object */ = {
			isa = PBXProject;
			attributes = {
				BuildIndependentTargetsInParallel = YES;
				LastUpgradeCheck = 1500;
				TargetAttributes = {
					1D9273535EE7E437EB2B7C78 = {
						DevelopmentTeam = AYEZVE9ZJ6;
						ProvisioningStyle = Automatic;
					};
					6BD6B9B5E6A94B145F6E4091 = {
						DevelopmentTeam = AYEZVE9ZJ6;
						ProvisioningStyle = Automatic;
					};
				};
			};
			buildConfigurationList = C151FD54330E0831FC548818 /* Build configuration list for PBXProject "RoundCaddy" */;
			compatibilityVersion = "Xcode 14.0";
			developmentRegion = en;
			hasScannedForEncodings = 0;
			knownRegions = (
				Base,
				en,
			);
			mainGroup = EAE168B7FFD69949B3B676C2;
			minimizedProjectReferenceProxies = 1;
			projectDirPath = "";
			projectRoot = "";
			targets = (
				1D9273535EE7E437EB2B7C78 /* GolfStats */,
				6BD6B9B5E6A94B145F6E4091 /* GolfStatsWatch */,
			);
		};
/* End PBXProject section */

/* Begin PBXResourcesBuildPhase section */
		0E1012CBC2F0C3C78D1730AD /* Resources */ = {
			isa = PBXResourcesBuildPhase;
			buildActionMask = 2147483647;
			files = (
				3B81979C4E97C73AE97027EE /* Assets.xcassets in Resources */,
			);
			runOnlyForDeploymentPostprocessing = 0;
		};
		E7682413FB02C5224ADAEC27 /* Resources */ = {
			isa = PBXResourcesBuildPhase;
			buildActionMask = 2147483647;
			files = (
				052039F604D00970C519166F /* Assets.xcassets in Resources */,
			);
			runOnlyForDeploymentPostprocessing = 0;
		};
/* End PBXResourcesBuildPhase section */

/* Begin PBXSourcesBuildPhase section */
		233BC328DE76FAFCC0051C9D /* Sources */ = {
			isa = PBXSourcesBuildPhase;
			buildActionMask = 2147483647;
			files = (
				697C334DBBDB2B43935D9332 /* ContentView.swift in Sources */,
				93D16914C5C3DF50696A3A93 /* DistanceView.swift in Sources */,
				AC64AF4F01F507CDB94C3647 /* GPSManager.swift in Sources */,
				01174E5464BB7A1254FBAF8A /* GolfStatsWatchApp.swift in Sources */,
				65106D4A89B04A06C9393614 /* RoundManager.swift in Sources */,
				C7596453ADCCD477F77A3B18 /* ScorecardView.swift in Sources */,
				8D71715951B3CA6FA73F6B3F /* ShotTrackerView.swift in Sources */,
			);
			runOnlyForDeploymentPostprocessing = 0;
		};
		5BC8557122F4808DBD53B8C9 /* Sources */ = {
			isa = PBXSourcesBuildPhase;
			buildActionMask = 2147483647;
			files = (
				D741B246229A849E9291EC9A /* AuthManager.swift in Sources */,
				8E079C710EBE28FAB612E415 /* CoursesView.swift in Sources */,
				7CDE24DF5EC97979941E1565 /* DashboardView.swift in Sources */,
				820D7420010B768BB3A905CF /* DataService.swift in Sources */,
				C57F5730F19901E48BCCF7E7 /* GPSManager.swift in Sources */,
				079AEA6B0514424ADC8123F1 /* GolfStatsApp.swift in Sources */,
				45D0AD5F6F00B3E78D331A58 /* LiveRoundView.swift in Sources */,
				6ABCEE530B6782509A732CF1 /* LoginView.swift in Sources */,
				C6B3D5BDB1E3BA9A36509E4C /* MainTabView.swift in Sources */,
				9695B86F5B30A7E6F7FC339C /* Models.swift in Sources */,
				8063CAD05E0916B6B5D345C0 /* NewRoundView.swift in Sources */,
				7012419AC2F918F47E00A389 /* ProfileView.swift in Sources */,
				13E8AEF42F1B1C1D0006B6D6 /* ContributorLeaderboardView.swift in Sources */,
				548C410D28FF0D6CCE09735E /* RoundManager.swift in Sources */,
				E04A46039CFEC4F050055CFF /* RoundsListView.swift in Sources */,
				242F544EF19100C0BD8DA72D /* WatchSyncManager.swift in Sources */,
			);
			runOnlyForDeploymentPostprocessing = 0;
		};
/* End PBXSourcesBuildPhase section */

/* Begin PBXTargetDependency section */
		B5715E49684DF0B85AF26ACB /* PBXTargetDependency */ = {
			isa = PBXTargetDependency;
			target = 6BD6B9B5E6A94B145F6E4091 /* GolfStatsWatch */;
			targetProxy = 4657825C217DA3B01B5A4AC3 /* PBXContainerItemProxy */;
		};
/* End PBXTargetDependency section */

/* Begin XCBuildConfiguration section */
		0F9E16A2E1C8A169257D84DA /* Debug */ = {
			isa = XCBuildConfiguration;
			buildSettings = {
				ALWAYS_SEARCH_USER_PATHS = NO;
				CLANG_ANALYZER_NONNULL = YES;
				CLANG_ANALYZER_NUMBER_OBJECT_CONVERSION = YES_AGGRESSIVE;
				CLANG_CXX_LANGUAGE_STANDARD = "gnu++14";
				CLANG_CXX_LIBRARY = "libc++";
				CLANG_ENABLE_MODULES = YES;
				CLANG_ENABLE_OBJC_ARC = YES;
				CLANG_ENABLE_OBJC_WEAK = YES;
				CLANG_WARN_BLOCK_CAPTURE_AUTORELEASING = YES;
				CLANG_WARN_BOOL_CONVERSION = YES;
				CLANG_WARN_COMMA = YES;
				CLANG_WARN_CONSTANT_CONVERSION = YES;
				CLANG_WARN_DEPRECATED_OBJC_IMPLEMENTATIONS = YES;
				CLANG_WARN_DIRECT_OBJC_ISA_USAGE = YES_ERROR;
				CLANG_WARN_DOCUMENTATION_COMMENTS = YES;
				CLANG_WARN_EMPTY_BODY = YES;
				CLANG_WARN_ENUM_CONVERSION = YES;
				CLANG_WARN_INFINITE_RECURSION = YES;
				CLANG_WARN_INT_CONVERSION = YES;
				CLANG_WARN_NON_LITERAL_NULL_CONVERSION = YES;
				CLANG_WARN_OBJC_IMPLICIT_RETAIN_SELF = YES;
				CLANG_WARN_OBJC_LITERAL_CONVERSION = YES;
				CLANG_WARN_OBJC_ROOT_CLASS = YES_ERROR;
				CLANG_WARN_QUOTED_INCLUDE_IN_FRAMEWORK_HEADER = YES;
				CLANG_WARN_RANGE_LOOP_ANALYSIS = YES;
				CLANG_WARN_STRICT_PROTOTYPES = YES;
				CLANG_WARN_SUSPICIOUS_MOVE = YES;
				CLANG_WARN_UNGUARDED_AVAILABILITY = YES_AGGRESSIVE;
				CLANG_WARN_UNREACHABLE_CODE = YES;
				CLANG_WARN__DUPLICATE_METHOD_MATCH = YES;
				CODE_SIGN_STYLE = Automatic;
				COPY_PHASE_STRIP = NO;
				CURRENT_PROJECT_VERSION = 1;
				DEBUG_INFORMATION_FORMAT = dwarf;
				DEVELOPMENT_TEAM = AYEZVE9ZJ6;
				ENABLE_BITCODE = NO;
				ENABLE_STRICT_OBJC_MSGSEND = YES;
				ENABLE_TESTABILITY = YES;
				GCC_C_LANGUAGE_STANDARD = gnu11;
				GCC_DYNAMIC_NO_PIC = NO;
				GCC_NO_COMMON_BLOCKS = YES;
				GCC_OPTIMIZATION_LEVEL = 0;
				GCC_PREPROCESSOR_DEFINITIONS = (
					"$(inherited)",
					"DEBUG=1",
				);
				GCC_WARN_64_TO_32_BIT_CONVERSION = YES;
				GCC_WARN_ABOUT_RETURN_TYPE = YES_ERROR;
				GCC_WARN_UNDECLARED_SELECTOR = YES;
				GCC_WARN_UNINITIALIZED_AUTOS = YES_AGGRESSIVE;
				GCC_WARN_UNUSED_FUNCTION = YES;
				GCC_WARN_UNUSED_VARIABLE = YES;
				INSTALL_PATH = "$(LOCAL_APPS_DIR)";
				IPHONEOS_DEPLOYMENT_TARGET = 17.0;
				MARKETING_VERSION = 1.0.0;
				MTL_ENABLE_DEBUG_INFO = INCLUDE_SOURCE;
				MTL_FAST_MATH = YES;
				ONLY_ACTIVE_ARCH = YES;
				PRODUCT_NAME = "$(TARGET_NAME)";
				SKIP_INSTALL = NO;
				SWIFT_ACTIVE_COMPILATION_CONDITIONS = DEBUG;
				SWIFT_OPTIMIZATION_LEVEL = "-Onone";
				SWIFT_VERSION = 5.9;
				WATCHOS_DEPLOYMENT_TARGET = 10.0;
			};
			name = Debug;
		};
		247D9A029B40DCE5B8107D64 /* Debug */ = {
			isa = XCBuildConfiguration;
			buildSettings = {
				ALWAYS_EMBED_SWIFT_STANDARD_LIBRARIES = YES;
				ASSETCATALOG_COMPILER_APPICON_NAME = AppIcon;
				CODE_SIGN_ENTITLEMENTS = "../watch/GolfStatsWatch WatchKit Extension/Resources/GolfStatsWatch.entitlements";
				ENABLE_PREVIEWS = YES;
				INFOPLIST_FILE = "../watch/GolfStatsWatch WatchKit Extension/Resources/Info.plist";
				PRODUCT_BUNDLE_IDENTIFIER = com.roundcaddy.ios.watchkitapp;
				SDKROOT = watchos;
				SKIP_INSTALL = YES;
				TARGETED_DEVICE_FAMILY = 4;
				WATCHOS_DEPLOYMENT_TARGET = 10.0;
			};
			name = Debug;
		};
		76CE49B2D93E7B3A0B519CBE /* Debug */ = {
			isa = XCBuildConfiguration;
			buildSettings = {
				ALWAYS_EMBED_SWIFT_STANDARD_LIBRARIES = YES;
				ASSETCATALOG_COMPILER_APPICON_NAME = AppIcon;
				CODE_SIGN_ENTITLEMENTS = GolfStats/Resources/GolfStats.entitlements;
				CODE_SIGN_IDENTITY = "iPhone Developer";
				ENABLE_PREVIEWS = YES;
				INFOPLIST_FILE = GolfStats/Resources/Info.plist;
				LD_RUNPATH_SEARCH_PATHS = (
					"$(inherited)",
					"@executable_path/Frameworks",
				);
				PRODUCT_BUNDLE_IDENTIFIER = com.roundcaddy.ios;
				SDKROOT = iphoneos;
				SUPPORTS_MACCATALYST = NO;
				TARGETED_DEVICE_FAMILY = "1,2";
			};
			name = Debug;
		};
		882F3DAE3C14BD8EE3A2D846 /* Release */ = {
			isa = XCBuildConfiguration;
			buildSettings = {
				ALWAYS_EMBED_SWIFT_STANDARD_LIBRARIES = YES;
				ASSETCATALOG_COMPILER_APPICON_NAME = AppIcon;
				CODE_SIGN_ENTITLEMENTS = GolfStats/Resources/GolfStats.entitlements;
				CODE_SIGN_IDENTITY = "iPhone Developer";
				ENABLE_PREVIEWS = YES;
				INFOPLIST_FILE = GolfStats/Resources/Info.plist;
				LD_RUNPATH_SEARCH_PATHS = (
					"$(inherited)",
					"@executable_path/Frameworks",
				);
				PRODUCT_BUNDLE_IDENTIFIER = com.roundcaddy.ios;
				SDKROOT = iphoneos;
				SUPPORTS_MACCATALYST = NO;
				TARGETED_DEVICE_FAMILY = "1,2";
			};
			name = Release;
		};
		8B6D23E6E80F0AFABF726EE7 /* Release */ = {
			isa = XCBuildConfiguration;
			buildSettings = {
				ALWAYS_SEARCH_USER_PATHS = NO;
				CLANG_ANALYZER_NONNULL = YES;
				CLANG_ANALYZER_NUMBER_OBJECT_CONVERSION = YES_AGGRESSIVE;
				CLANG_CXX_LANGUAGE_STANDARD = "gnu++14";
				CLANG_CXX_LIBRARY = "libc++";
				CLANG_ENABLE_MODULES = YES;
				CLANG_ENABLE_OBJC_ARC = YES;
				CLANG_ENABLE_OBJC_WEAK = YES;
				CLANG_WARN_BLOCK_CAPTURE_AUTORELEASING = YES;
				CLANG_WARN_BOOL_CONVERSION = YES;
				CLANG_WARN_COMMA = YES;
				CLANG_WARN_CONSTANT_CONVERSION = YES;
				CLANG_WARN_DEPRECATED_OBJC_IMPLEMENTATIONS = YES;
				CLANG_WARN_DIRECT_OBJC_ISA_USAGE = YES_ERROR;
				CLANG_WARN_DOCUMENTATION_COMMENTS = YES;
				CLANG_WARN_EMPTY_BODY = YES;
				CLANG_WARN_ENUM_CONVERSION = YES;
				CLANG_WARN_INFINITE_RECURSION = YES;
				CLANG_WARN_INT_CONVERSION = YES;
				CLANG_WARN_NON_LITERAL_NULL_CONVERSION = YES;
				CLANG_WARN_OBJC_IMPLICIT_RETAIN_SELF = YES;
				CLANG_WARN_OBJC_LITERAL_CONVERSION = YES;
				CLANG_WARN_OBJC_ROOT_CLASS = YES_ERROR;
				CLANG_WARN_QUOTED_INCLUDE_IN_FRAMEWORK_HEADER = YES;
				CLANG_WARN_RANGE_LOOP_ANALYSIS = YES;
				CLANG_WARN_STRICT_PROTOTYPES = YES;
				CLANG_WARN_SUSPICIOUS_MOVE = YES;
				CLANG_WARN_UNGUARDED_AVAILABILITY = YES_AGGRESSIVE;
				CLANG_WARN_UNREACHABLE_CODE = YES;
				CLANG_WARN__DUPLICATE_METHOD_MATCH = YES;
				CODE_SIGN_STYLE = Automatic;
				COPY_PHASE_STRIP = NO;
				CURRENT_PROJECT_VERSION = 1;
				DEBUG_INFORMATION_FORMAT = "dwarf-with-dsym";
				DEVELOPMENT_TEAM = AYEZVE9ZJ6;
				ENABLE_BITCODE = NO;
				ENABLE_NS_ASSERTIONS = NO;
				ENABLE_STRICT_OBJC_MSGSEND = YES;
				GCC_C_LANGUAGE_STANDARD = gnu11;
				GCC_NO_COMMON_BLOCKS = YES;
				GCC_WARN_64_TO_32_BIT_CONVERSION = YES;
				GCC_WARN_ABOUT_RETURN_TYPE = YES_ERROR;
				GCC_WARN_UNDECLARED_SELECTOR = YES;
				GCC_WARN_UNINITIALIZED_AUTOS = YES_AGGRESSIVE;
				GCC_WARN_UNUSED_FUNCTION = YES;
				GCC_WARN_UNUSED_VARIABLE = YES;
				INSTALL_PATH = "$(LOCAL_APPS_DIR)";
				IPHONEOS_DEPLOYMENT_TARGET = 17.0;
				MARKETING_VERSION = 1.0.0;
				MTL_ENABLE_DEBUG_INFO = NO;
				MTL_FAST_MATH = YES;
				PRODUCT_NAME = "$(TARGET_NAME)";
				SKIP_INSTALL = NO;
				SWIFT_COMPILATION_MODE = wholemodule;
				SWIFT_OPTIMIZATION_LEVEL = "-O";
				SWIFT_VERSION = 5.9;
				WATCHOS_DEPLOYMENT_TARGET = 10.0;
			};
			name = Release;
		};
		E12A1E8E0297C2E41F9A716B /* Release */ = {
			isa = XCBuildConfiguration;
			buildSettings = {
				ALWAYS_EMBED_SWIFT_STANDARD_LIBRARIES = YES;
				ASSETCATALOG_COMPILER_APPICON_NAME = AppIcon;
				CODE_SIGN_ENTITLEMENTS = "../watch/GolfStatsWatch WatchKit Extension/Resources/GolfStatsWatch.entitlements";
				ENABLE_PREVIEWS = YES;
				INFOPLIST_FILE = "../watch/GolfStatsWatch WatchKit Extension/Resources/Info.plist";
				PRODUCT_BUNDLE_IDENTIFIER = com.roundcaddy.ios.watchkitapp;
				SDKROOT = watchos;
				SKIP_INSTALL = YES;
				TARGETED_DEVICE_FAMILY = 4;
				WATCHOS_DEPLOYMENT_TARGET = 10.0;
			};
			name = Release;
		};
/* End XCBuildConfiguration section */

/* Begin XCConfigurationList section */
		4D3100446F412E0E42235F62 /* Build configuration list for PBXNativeTarget "GolfStats" */ = {
			isa = XCConfigurationList;
			buildConfigurations = (
				76CE49B2D93E7B3A0B519CBE /* Debug */,
				882F3DAE3C14BD8EE3A2D846 /* Release */,
			);
			defaultConfigurationIsVisible = 0;
			defaultConfigurationName = Debug;
		};
		C151FD54330E0831FC548818 /* Build configuration list for PBXProject "RoundCaddy" */ = {
			isa = XCConfigurationList;
			buildConfigurations = (
				0F9E16A2E1C8A169257D84DA /* Debug */,
				8B6D23E6E80F0AFABF726EE7 /* Release */,
			);
			defaultConfigurationIsVisible = 0;
			defaultConfigurationName = Debug;
		};
		F70C14A895827EC8A005DB91 /* Build configuration list for PBXNativeTarget "GolfStatsWatch" */ = {
			isa = XCConfigurationList;
			buildConfigurations = (
				247D9A029B40DCE5B8107D64 /* Debug */,
				E12A1E8E0297C2E41F9A716B /* Release */,
			);
			defaultConfigurationIsVisible = 0;
			defaultConfigurationName = Debug;
		};
/* End XCConfigurationList section */
	};
	rootObject = 3FA6413637771D526F8BEB72 /* Project object */;
}
